// !$*UTF8*$!
{
	archiveVersion = 1;
	classes = {
	};
	objectVersion = 77;
	objects = {

/* Begin PBXBuildFile section */
		00FD4B24B3DBF01EC47189B7 /* StoredProject.swift in Sources */ = {isa = PBXBuildFile; fileRef = 2C7908B2ED4E0DCD00EBF868 /* StoredProject.swift */; };
		064665149A05CC8E272CA59B /* ImageReaderView.swift in Sources */ = {isa = PBXBuildFile; fileRef = 45DB5696F3AAF1210D0E30D8 /* ImageReaderView.swift */; };
		0C5577C16097062613E39E51 /* PatternLibraryView.swift in Sources */ = {isa = PBXBuildFile; fileRef = 27833C8F0AB80A6C0C8F223F /* PatternLibraryView.swift */; };
		0C7F4765BC5495DFE7C51C8E /* WatchCounterView.swift in Sources */ = {isa = PBXBuildFile; fileRef = C65533430112873329E49422 /* WatchCounterView.swift */; };
		12CECA964F06EAD8326C669D /* KnittingProject.swift in Sources */ = {isa = PBXBuildFile; fileRef = 1B40E2A43FA18A0C33DE7E42 /* KnittingProject.swift */; };
		1E56D47B1CD24F5E3A18D70C /* PatternMarkupOverlay.swift in Sources */ = {isa = PBXBuildFile; fileRef = 70A7154999ACF3839D188F1E /* PatternMarkupOverlay.swift */; };
		20E270A4EDC9F277C3B03321 /* PatternDocument.swift in Sources */ = {isa = PBXBuildFile; fileRef = 99C1BBB226BBB92B3E8BA778 /* PatternDocument.swift */; };
		214000B049624E0C0588F1C7 /* JSONProjectStore.swift in Sources */ = {isa = PBXBuildFile; fileRef = 5F825D878BD495CBF8CFA3E4 /* JSONProjectStore.swift */; };
		240B0788D2ECEE1EA3E48ECF /* LaunchExperienceState.swift in Sources */ = {isa = PBXBuildFile; fileRef = 964E64558882BD0AE262A9E5 /* LaunchExperienceState.swift */; };
		24CA166D7986870DA6232BB9 /* LaunchExperienceState.swift in Sources */ = {isa = PBXBuildFile; fileRef = 964E64558882BD0AE262A9E5 /* LaunchExperienceState.swift */; };
		27A3D14010BEAF07C41EE93C /* ProjectPhotoView.swift in Sources */ = {isa = PBXBuildFile; fileRef = 70FD986F2D3E4C84860398EB /* ProjectPhotoView.swift */; };
		2C14F6DCC66352FD964D948A /* WatercolorTheme.swift in Sources */ = {isa = PBXBuildFile; fileRef = 2EBC48066EDE949B29B5F081 /* WatercolorTheme.swift */; };
		2FB41EDF321E92C7E70B4801 /* PatternMarkupToolbar.swift in Sources */ = {isa = PBXBuildFile; fileRef = 2CBD75BD00755D59F3C8AF82 /* PatternMarkupToolbar.swift */; };
		3067B978D7AD5AD41407CF05 /* RowNote.swift in Sources */ = {isa = PBXBuildFile; fileRef = FE75A4BC6F25D9138B684ADF /* RowNote.swift */; };
		326D6303F4CB969B6F1667DA /* JSONProjectStore.swift in Sources */ = {isa = PBXBuildFile; fileRef = 5F825D878BD495CBF8CFA3E4 /* JSONProjectStore.swift */; };
		34DB8128866B07153BA47DD8 /* Assets.xcassets in Resources */ = {isa = PBXBuildFile; fileRef = 3A8BA0F1D4ABF2AA7472AEE6 /* Assets.xcassets */; };
		36584501F2661D8E10A19BE6 /* HighlightOverlay.swift in Sources */ = {isa = PBXBuildFile; fileRef = 9601A8677B4A82779D2F7E59 /* HighlightOverlay.swift */; };
		3B4F33C9BB928655D1287371 /* SettingsView.swift in Sources */ = {isa = PBXBuildFile; fileRef = 3C1FE7F6E3926F76E8684A55 /* SettingsView.swift */; };
		3C6BE637ADCCABE03A6E9540 /* AppLanguage.swift in Sources */ = {isa = PBXBuildFile; fileRef = 3CD5B158A45CBD8018FC499A /* AppLanguage.swift */; };
		3CA4295D672D7BB3EEC8EF3B /* ProjectsView.swift in Sources */ = {isa = PBXBuildFile; fileRef = 2D483F31D056F9F52B2EC563 /* ProjectsView.swift */; };
		5116550EC2CA3C68BEED3AA2 /* PatternMarkup.swift in Sources */ = {isa = PBXBuildFile; fileRef = 4451F3892CAC312B00F3AC04 /* PatternMarkup.swift */; };
		51864AD110E9811C0839F35D /* ProjectPhotoFileService.swift in Sources */ = {isa = PBXBuildFile; fileRef = 557A2AAE55C6DA1A6C527FE6 /* ProjectPhotoFileService.swift */; };
		52A4EF771E42E61C79D4DC81 /* CreateProjectView.swift in Sources */ = {isa = PBXBuildFile; fileRef = 75B5CAC03492CA7EF2B29BDC /* CreateProjectView.swift */; };
		5536B07A38E71EE08FCBEFB8 /* WatercolorSurfaces.swift in Sources */ = {isa = PBXBuildFile; fileRef = 1587DA4ECD08A93EFE0BB89A /* WatercolorSurfaces.swift */; };
		57027A881A62D015E3538D3C /* ChoosePatternProjectView.swift in Sources */ = {isa = PBXBuildFile; fileRef = 1DB0EBE0E4F768F0A8C15CC6 /* ChoosePatternProjectView.swift */; };
		585606C343A35128411BC2E1 /* EditProjectView.swift in Sources */ = {isa = PBXBuildFile; fileRef = 2B159464A91F0F008CBAD167 /* EditProjectView.swift */; };
		58DF31DB4249DCFC5A6451E2 /* ProjectPhotoFileService.swift in Sources */ = {isa = PBXBuildFile; fileRef = 557A2AAE55C6DA1A6C527FE6 /* ProjectPhotoFileService.swift */; };
		66D325D5CBFA9D9996ACC477 /* KnitNoteCore.swift in Sources */ = {isa = PBXBuildFile; fileRef = 121DC898B51C86C11B40705C /* KnitNoteCore.swift */; };
		68362824FB4BC12615282608 /* PatternReaderView.swift in Sources */ = {isa = PBXBuildFile; fileRef = 3C207C026A98D9C668822C9A /* PatternReaderView.swift */; };
		6870AA4039BC7963BE6AAAAF /* PDFReaderView.swift in Sources */ = {isa = PBXBuildFile; fileRef = F908526E23B7BB45759E5DB7 /* PDFReaderView.swift */; };
		6AA7291F406E7FCF8B1382C6 /* LemonEmptyState.swift in Sources */ = {isa = PBXBuildFile; fileRef = 282D4248758A8480ED49B7C0 /* LemonEmptyState.swift */; };
		6D76B8009FFD25FE40DD14C0 /* Localizable.xcstrings in Resources */ = {isa = PBXBuildFile; fileRef = E993310F5466BA6DAE24B6C7 /* Localizable.xcstrings */; };
		6E929A5FDD9B904B5A57616C /* KnitNoteCore.swift in Sources */ = {isa = PBXBuildFile; fileRef = 121DC898B51C86C11B40705C /* KnitNoteCore.swift */; };
		70AA2EBA3FEE78787A9EEF4C /* StoredProject.swift in Sources */ = {isa = PBXBuildFile; fileRef = 2C7908B2ED4E0DCD00EBF868 /* StoredProject.swift */; };
		757DDC30D4CF9EF3EAABCD99 /* LaunchExperienceCoordinator.swift in Sources */ = {isa = PBXBuildFile; fileRef = 18568436C15FBAABF2FA5A05 /* LaunchExperienceCoordinator.swift */; };
		81BFF8531BBD2BF153058568 /* LaunchScreen.storyboard in Resources */ = {isa = PBXBuildFile; fileRef = F5F160074737C554D783176A /* LaunchScreen.storyboard */; platformFilters = (ios, ); };
		89AA9318C5AEB7CD5C2DA4F8 /* FamilyLaunchAnimationView.swift in Sources */ = {isa = PBXBuildFile; fileRef = BA850E172D868553998BB9D7 /* FamilyLaunchAnimationView.swift */; };
		8A0D44321A0B878C18C93038 /* RootView.swift in Sources */ = {isa = PBXBuildFile; fileRef = 431158CF5C9EC212EABD87BA /* RootView.swift */; };
		8AC28A12A7BFBEE2063DDC88 /* ProjectPhotoPicker.swift in Sources */ = {isa = PBXBuildFile; fileRef = 80C22BEC6684E36544AD8B83 /* ProjectPhotoPicker.swift */; };
		8EFAF523F9908E0B95BFCB89 /* KnittingProject.swift in Sources */ = {isa = PBXBuildFile; fileRef = 1B40E2A43FA18A0C33DE7E42 /* KnittingProject.swift */; };
		99EB407F22CC799B2B5FAD00 /* PatternFileService.swift in Sources */ = {isa = PBXBuildFile; fileRef = 68CED6A558B7B52DF3926BC8 /* PatternFileService.swift */; };
		A8F65FDC2EB37F7CC35B551D /* WatercolorThemePolicy.swift in Sources */ = {isa = PBXBuildFile; fileRef = 46BC18F10B8F996B71604BBF /* WatercolorThemePolicy.swift */; };
		B6CE950838570266698107C9 /* Localizable.xcstrings in Resources */ = {isa = PBXBuildFile; fileRef = 599E557622BDBD257E4CFEF3 /* Localizable.xcstrings */; };
		BCA2F5D135FB115F9E282FF7 /* RowNote.swift in Sources */ = {isa = PBXBuildFile; fileRef = FE75A4BC6F25D9138B684ADF /* RowNote.swift */; };
		BE902C18AE5BF8A6ABCE3B8E /* KnitNoteWatchApp.swift in Sources */ = {isa = PBXBuildFile; fileRef = C05CDA77F3B1408AFFF947CE /* KnitNoteWatchApp.swift */; };
		BFFC9B5E14DA29A679963137 /* ProjectCard.swift in Sources */ = {isa = PBXBuildFile; fileRef = C05B67645287474EA73C4DDF /* ProjectCard.swift */; };
		C42138FBF27EB5F5C43060FA /* WatercolorThemePolicy.swift in Sources */ = {isa = PBXBuildFile; fileRef = 46BC18F10B8F996B71604BBF /* WatercolorThemePolicy.swift */; };
		C825CFFB032FD78332EFF6E9 /* LanguageSettings.swift in Sources */ = {isa = PBXBuildFile; fileRef = 94A3A973C57BA3A256E78283 /* LanguageSettings.swift */; };
		CA6698DA0F29B9ABFEBCA6E9 /* AppLanguage.swift in Sources */ = {isa = PBXBuildFile; fileRef = 3CD5B158A45CBD8018FC499A /* AppLanguage.swift */; };
		CE0C9AB59E4E7FB73A73A1C1 /* PatternMarkupFileService.swift in Sources */ = {isa = PBXBuildFile; fileRef = 6047A37140A375666423E1A2 /* PatternMarkupFileService.swift */; };
		D56C0BDFF30C510581164CC1 /* InfoPlist.xcstrings in Resources */ = {isa = PBXBuildFile; fileRef = C91BF954284C661B187FF8FB /* InfoPlist.xcstrings */; platformFilters = (ios, ); };
		D8C39A1514196D426E41EA7E /* ProjectDetailView.swift in Sources */ = {isa = PBXBuildFile; fileRef = 07AC936135E44C341839B236 /* ProjectDetailView.swift */; };
		D9D96422EAA83DBC4E03A060 /* PaintingOverlayRegion.swift in Sources */ = {isa = PBXBuildFile; fileRef = DE93168C75522B21CB0CB7DF /* PaintingOverlayRegion.swift */; };
		DA95835CF1FE8ED5122062AF /* ProjectPatternsView.swift in Sources */ = {isa = PBXBuildFile; fileRef = 459BBDD907A817A4DDFFFF2F /* ProjectPatternsView.swift */; };
		DBF2E2B7BD535C9C8AF1E53C /* LanguageSettings.swift in Sources */ = {isa = PBXBuildFile; fileRef = 94A3A973C57BA3A256E78283 /* LanguageSettings.swift */; };
		DD4C8D98E06279AA69DCDB1E /* PatternFileService.swift in Sources */ = {isa = PBXBuildFile; fileRef = 68CED6A558B7B52DF3926BC8 /* PatternFileService.swift */; };
		E670667E131CAEC693AFEE22 /* AllNotesView.swift in Sources */ = {isa = PBXBuildFile; fileRef = 7E61240F580ED0B2AE45DAB8 /* AllNotesView.swift */; };
		E6C3B2816744B19C77DE0ACD /* PatternDocument.swift in Sources */ = {isa = PBXBuildFile; fileRef = 99C1BBB226BBB92B3E8BA778 /* PatternDocument.swift */; };
		E7B3D88A524E639567C68181 /* EditRowNoteView.swift in Sources */ = {isa = PBXBuildFile; fileRef = 3620C73CD8D7A61B1C59473E /* EditRowNoteView.swift */; };
		E857AC39E1C3EAB1D2C0735A /* KnitNoteApp.swift in Sources */ = {isa = PBXBuildFile; fileRef = A26BFE850787E49A2CD9E010 /* KnitNoteApp.swift */; };
		EA6EC18E3BA8C13E7F88D518 /* CameraCaptureView.swift in Sources */ = {isa = PBXBuildFile; fileRef = 3FA6A7C93C52B67714FFB5F1 /* CameraCaptureView.swift */; };
		F32AA568D0C99E08D9C6AF82 /* PatternReaderControls.swift in Sources */ = {isa = PBXBuildFile; fileRef = 90CE1C0101996F572112D739 /* PatternReaderControls.swift */; };
		F38DAE6BC826FFFF57137DEF /* EditPatternPageNoteView.swift in Sources */ = {isa = PBXBuildFile; fileRef = 84E7B7CDFA68E43404E56773 /* EditPatternPageNoteView.swift */; };
		F7BFE7FD7E58B7487B0D7018 /* PatternMarkupFileService.swift in Sources */ = {isa = PBXBuildFile; fileRef = 6047A37140A375666423E1A2 /* PatternMarkupFileService.swift */; };
		FDD10510A53A1E0DE226355B /* PatternMarkup.swift in Sources */ = {isa = PBXBuildFile; fileRef = 4451F3892CAC312B00F3AC04 /* PatternMarkup.swift */; };
/* End PBXBuildFile section */

/* Begin PBXFileReference section */
		07AC936135E44C341839B236 /* ProjectDetailView.swift */ = {isa = PBXFileReference; lastKnownFileType = sourcecode.swift; path = ProjectDetailView.swift; sourceTree = "<group>"; };
		1112E674E478840A2286F6BA /* KnitNoteWatch.app */ = {isa = PBXFileReference; explicitFileType = wrapper.application; includeInIndex = 0; path = KnitNoteWatch.app; sourceTree = BUILT_PRODUCTS_DIR; };
		121DC898B51C86C11B40705C /* KnitNoteCore.swift */ = {isa = PBXFileReference; lastKnownFileType = sourcecode.swift; path = KnitNoteCore.swift; sourceTree = "<group>"; };
		14B46C9D90D2250C063CBEB9 /* KnitNote.app */ = {isa = PBXFileReference; includeInIndex = 0; lastKnownFileType = wrapper.application; path = KnitNote.app; sourceTree = BUILT_PRODUCTS_DIR; };
		1587DA4ECD08A93EFE0BB89A /* WatercolorSurfaces.swift */ = {isa = PBXFileReference; lastKnownFileType = sourcecode.swift; path = WatercolorSurfaces.swift; sourceTree = "<group>"; };
		18568436C15FBAABF2FA5A05 /* LaunchExperienceCoordinator.swift */ = {isa = PBXFileReference; lastKnownFileType = sourcecode.swift; path = LaunchExperienceCoordinator.swift; sourceTree = "<group>"; };
		1B40E2A43FA18A0C33DE7E42 /* KnittingProject.swift */ = {isa = PBXFileReference; lastKnownFileType = sourcecode.swift; path = KnittingProject.swift; sourceTree = "<group>"; };
		1DB0EBE0E4F768F0A8C15CC6 /* ChoosePatternProjectView.swift */ = {isa = PBXFileReference; lastKnownFileType = sourcecode.swift; path = ChoosePatternProjectView.swift; sourceTree = "<group>"; };
		27833C8F0AB80A6C0C8F223F /* PatternLibraryView.swift */ = {isa = PBXFileReference; lastKnownFileType = sourcecode.swift; path = PatternLibraryView.swift; sourceTree = "<group>"; };
		282D4248758A8480ED49B7C0 /* LemonEmptyState.swift */ = {isa = PBXFileReference; lastKnownFileType = sourcecode.swift; path = LemonEmptyState.swift; sourceTree = "<group>"; };
		2A4E4878CC053C86851B7DDD /* .keep */ = {isa = PBXFileReference; path = .keep; sourceTree = "<group>"; };
		2B159464A91F0F008CBAD167 /* EditProjectView.swift */ = {isa = PBXFileReference; lastKnownFileType = sourcecode.swift; path = EditProjectView.swift; sourceTree = "<group>"; };
		2C7908B2ED4E0DCD00EBF868 /* StoredProject.swift */ = {isa = PBXFileReference; lastKnownFileType = sourcecode.swift; path = StoredProject.swift; sourceTree = "<group>"; };
		2CBD75BD00755D59F3C8AF82 /* PatternMarkupToolbar.swift */ = {isa = PBXFileReference; lastKnownFileType = sourcecode.swift; path = PatternMarkupToolbar.swift; sourceTree = "<group>"; };
		2D483F31D056F9F52B2EC563 /* ProjectsView.swift */ = {isa = PBXFileReference; lastKnownFileType = sourcecode.swift; path = ProjectsView.swift; sourceTree = "<group>"; };
		2EBC48066EDE949B29B5F081 /* WatercolorTheme.swift */ = {isa = PBXFileReference; lastKnownFileType = sourcecode.swift; path = WatercolorTheme.swift; sourceTree = "<group>"; };
		3620C73CD8D7A61B1C59473E /* EditRowNoteView.swift */ = {isa = PBXFileReference; lastKnownFileType = sourcecode.swift; path = EditRowNoteView.swift; sourceTree = "<group>"; };
		3A8BA0F1D4ABF2AA7472AEE6 /* Assets.xcassets */ = {isa = PBXFileReference; lastKnownFileType = folder.assetcatalog; path = Assets.xcassets; sourceTree = "<group>"; };
		3C1FE7F6E3926F76E8684A55 /* SettingsView.swift */ = {isa = PBXFileReference; lastKnownFileType = sourcecode.swift; path = SettingsView.swift; sourceTree = "<group>"; };
		3C207C026A98D9C668822C9A /* PatternReaderView.swift */ = {isa = PBXFileReference; lastKnownFileType = sourcecode.swift; path = PatternReaderView.swift; sourceTree = "<group>"; };
		3CD5B158A45CBD8018FC499A /* AppLanguage.swift */ = {isa = PBXFileReference; lastKnownFileType = sourcecode.swift; path = AppLanguage.swift; sourceTree = "<group>"; };
		3FA6A7C93C52B67714FFB5F1 /* CameraCaptureView.swift */ = {isa = PBXFileReference; lastKnownFileType = sourcecode.swift; path = CameraCaptureView.swift; sourceTree = "<group>"; };
		431158CF5C9EC212EABD87BA /* RootView.swift */ = {isa = PBXFileReference; lastKnownFileType = sourcecode.swift; path = RootView.swift; sourceTree = "<group>"; };
		4451F3892CAC312B00F3AC04 /* PatternMarkup.swift */ = {isa = PBXFileReference; lastKnownFileType = sourcecode.swift; path = PatternMarkup.swift; sourceTree = "<group>"; };
		459BBDD907A817A4DDFFFF2F /* ProjectPatternsView.swift */ = {isa = PBXFileReference; lastKnownFileType = sourcecode.swift; path = ProjectPatternsView.swift; sourceTree = "<group>"; };
		45DB5696F3AAF1210D0E30D8 /* ImageReaderView.swift */ = {isa = PBXFileReference; lastKnownFileType = sourcecode.swift; path = ImageReaderView.swift; sourceTree = "<group>"; };
		46BC18F10B8F996B71604BBF /* WatercolorThemePolicy.swift */ = {isa = PBXFileReference; lastKnownFileType = sourcecode.swift; path = WatercolorThemePolicy.swift; sourceTree = "<group>"; };
		557A2AAE55C6DA1A6C527FE6 /* ProjectPhotoFileService.swift */ = {isa = PBXFileReference; lastKnownFileType = sourcecode.swift; path = ProjectPhotoFileService.swift; sourceTree = "<group>"; };
		599E557622BDBD257E4CFEF3 /* Localizable.xcstrings */ = {isa = PBXFileReference; lastKnownFileType = text.json.xcstrings; path = Localizable.xcstrings; sourceTree = "<group>"; };
		5F825D878BD495CBF8CFA3E4 /* JSONProjectStore.swift */ = {isa = PBXFileReference; lastKnownFileType = sourcecode.swift; path = JSONProjectStore.swift; sourceTree = "<group>"; };
		6047A37140A375666423E1A2 /* PatternMarkupFileService.swift */ = {isa = PBXFileReference; lastKnownFileType = sourcecode.swift; path = PatternMarkupFileService.swift; sourceTree = "<group>"; };
		68CED6A558B7B52DF3926BC8 /* PatternFileService.swift */ = {isa = PBXFileReference; lastKnownFileType = sourcecode.swift; path = PatternFileService.swift; sourceTree = "<group>"; };
		70A7154999ACF3839D188F1E /* PatternMarkupOverlay.swift */ = {isa = PBXFileReference; lastKnownFileType = sourcecode.swift; path = PatternMarkupOverlay.swift; sourceTree = "<group>"; };
		70FD986F2D3E4C84860398EB /* ProjectPhotoView.swift */ = {isa = PBXFileReference; lastKnownFileType = sourcecode.swift; path = ProjectPhotoView.swift; sourceTree = "<group>"; };
		75B5CAC03492CA7EF2B29BDC /* CreateProjectView.swift */ = {isa = PBXFileReference; lastKnownFileType = sourcecode.swift; path = CreateProjectView.swift; sourceTree = "<group>"; };
		7E61240F580ED0B2AE45DAB8 /* AllNotesView.swift */ = {isa = PBXFileReference; lastKnownFileType = sourcecode.swift; path = AllNotesView.swift; sourceTree = "<group>"; };
		80C22BEC6684E36544AD8B83 /* ProjectPhotoPicker.swift */ = {isa = PBXFileReference; lastKnownFileType = sourcecode.swift; path = ProjectPhotoPicker.swift; sourceTree = "<group>"; };
		84E7B7CDFA68E43404E56773 /* EditPatternPageNoteView.swift */ = {isa = PBXFileReference; lastKnownFileType = sourcecode.swift; path = EditPatternPageNoteView.swift; sourceTree = "<group>"; };
		90CE1C0101996F572112D739 /* PatternReaderControls.swift */ = {isa = PBXFileReference; lastKnownFileType = sourcecode.swift; path = PatternReaderControls.swift; sourceTree = "<group>"; };
		94A3A973C57BA3A256E78283 /* LanguageSettings.swift */ = {isa = PBXFileReference; lastKnownFileType = sourcecode.swift; path = LanguageSettings.swift; sourceTree = "<group>"; };
		9601A8677B4A82779D2F7E59 /* HighlightOverlay.swift */ = {isa = PBXFileReference; lastKnownFileType = sourcecode.swift; path = HighlightOverlay.swift; sourceTree = "<group>"; };
		964E64558882BD0AE262A9E5 /* LaunchExperienceState.swift */ = {isa = PBXFileReference; lastKnownFileType = sourcecode.swift; path = LaunchExperienceState.swift; sourceTree = "<group>"; };
		99C1BBB226BBB92B3E8BA778 /* PatternDocument.swift */ = {isa = PBXFileReference; lastKnownFileType = sourcecode.swift; path = PatternDocument.swift; sourceTree = "<group>"; };
		A26BFE850787E49A2CD9E010 /* KnitNoteApp.swift */ = {isa = PBXFileReference; lastKnownFileType = sourcecode.swift; path = KnitNoteApp.swift; sourceTree = "<group>"; };
		BA850E172D868553998BB9D7 /* FamilyLaunchAnimationView.swift */ = {isa = PBXFileReference; lastKnownFileType = sourcecode.swift; path = FamilyLaunchAnimationView.swift; sourceTree = "<group>"; };
		C05B67645287474EA73C4DDF /* ProjectCard.swift */ = {isa = PBXFileReference; lastKnownFileType = sourcecode.swift; path = ProjectCard.swift; sourceTree = "<group>"; };
		C05CDA77F3B1408AFFF947CE /* KnitNoteWatchApp.swift */ = {isa = PBXFileReference; lastKnownFileType = sourcecode.swift; path = KnitNoteWatchApp.swift; sourceTree = "<group>"; };
		C65533430112873329E49422 /* WatchCounterView.swift */ = {isa = PBXFileReference; lastKnownFileType = sourcecode.swift; path = WatchCounterView.swift; sourceTree = "<group>"; };
		C91BF954284C661B187FF8FB /* InfoPlist.xcstrings */ = {isa = PBXFileReference; lastKnownFileType = text.json.xcstrings; path = InfoPlist.xcstrings; sourceTree = "<group>"; };
		DE93168C75522B21CB0CB7DF /* PaintingOverlayRegion.swift */ = {isa = PBXFileReference; lastKnownFileType = sourcecode.swift; path = PaintingOverlayRegion.swift; sourceTree = "<group>"; };
		E993310F5466BA6DAE24B6C7 /* Localizable.xcstrings */ = {isa = PBXFileReference; lastKnownFileType = text.json.xcstrings; path = Localizable.xcstrings; sourceTree = "<group>"; };
		F5F160074737C554D783176A /* LaunchScreen.storyboard */ = {isa = PBXFileReference; lastKnownFileType = file.storyboard; path = LaunchScreen.storyboard; sourceTree = "<group>"; };
		F908526E23B7BB45759E5DB7 /* PDFReaderView.swift */ = {isa = PBXFileReference; lastKnownFileType = sourcecode.swift; path = PDFReaderView.swift; sourceTree = "<group>"; };
		FE75A4BC6F25D9138B684ADF /* RowNote.swift */ = {isa = PBXFileReference; lastKnownFileType = sourcecode.swift; path = RowNote.swift; sourceTree = "<group>"; };
/* End PBXFileReference section */

/* Begin PBXGroup section */
		00FA7869BBC2022A1F3126E0 /* Patterns */ = {
			isa = PBXGroup;
			children = (
				1DB0EBE0E4F768F0A8C15CC6 /* ChoosePatternProjectView.swift */,
				84E7B7CDFA68E43404E56773 /* EditPatternPageNoteView.swift */,
				9601A8677B4A82779D2F7E59 /* HighlightOverlay.swift */,
				45DB5696F3AAF1210D0E30D8 /* ImageReaderView.swift */,
				27833C8F0AB80A6C0C8F223F /* PatternLibraryView.swift */,
				70A7154999ACF3839D188F1E /* PatternMarkupOverlay.swift */,
				2CBD75BD00755D59F3C8AF82 /* PatternMarkupToolbar.swift */,
				90CE1C0101996F572112D739 /* PatternReaderControls.swift */,
				3C207C026A98D9C668822C9A /* PatternReaderView.swift */,
				F908526E23B7BB45759E5DB7 /* PDFReaderView.swift */,
				459BBDD907A817A4DDFFFF2F /* ProjectPatternsView.swift */,
			);
			path = Patterns;
			sourceTree = "<group>";
		};
		05636426C59DEAB3CEAD6A80 /* Localization */ = {
			isa = PBXGroup;
			children = (
				3CD5B158A45CBD8018FC499A /* AppLanguage.swift */,
				94A3A973C57BA3A256E78283 /* LanguageSettings.swift */,
			);
			path = Localization;
			sourceTree = "<group>";
		};
		0ADFE4B616722EE6405BBCB7 /* KnitNoteCore */ = {
			isa = PBXGroup;
			children = (
				121DC898B51C86C11B40705C /* KnitNoteCore.swift */,
				179F52A90796543AF192B87A /* Launch */,
				05636426C59DEAB3CEAD6A80 /* Localization */,
				8D4DBBB5F086B5F2BE0A2692 /* Patterns */,
				ADC03985307A33CF231A2728 /* Projects */,
				8BD3900E36112649B3129656 /* Resources */,
				D2A26E1A33BD10C640FB127A /* Theme */,
			);
			name = KnitNoteCore;
			path = Sources/KnitNoteCore;
			sourceTree = "<group>";
		};
		179F52A90796543AF192B87A /* Launch */ = {
			isa = PBXGroup;
			children = (
				964E64558882BD0AE262A9E5 /* LaunchExperienceState.swift */,
			);
			path = Launch;
			sourceTree = "<group>";
		};
		367640414936CD240A016BEB /* Theme */ = {
			isa = PBXGroup;
			children = (
				282D4248758A8480ED49B7C0 /* LemonEmptyState.swift */,
				1587DA4ECD08A93EFE0BB89A /* WatercolorSurfaces.swift */,
				2EBC48066EDE949B29B5F081 /* WatercolorTheme.swift */,
			);
			path = Theme;
			sourceTree = "<group>";
		};
		3749410B591F9345227F4449 /* Localization */ = {
			isa = PBXGroup;
			children = (
				C91BF954284C661B187FF8FB /* InfoPlist.xcstrings */,
				E993310F5466BA6DAE24B6C7 /* Localizable.xcstrings */,
			);
			path = Localization;
			sourceTree = "<group>";
		};
		4D55FE9FD7B400E4A1009DF1 /* App */ = {
			isa = PBXGroup;
			children = (
				A26BFE850787E49A2CD9E010 /* KnitNoteApp.swift */,
				18568436C15FBAABF2FA5A05 /* LaunchExperienceCoordinator.swift */,
				431158CF5C9EC212EABD87BA /* RootView.swift */,
			);
			path = App;
			sourceTree = "<group>";
		};
		65DC28AC37D32EA9468D7BDE /* Projects */ = {
			isa = PBXGroup;
			children = (
				7E61240F580ED0B2AE45DAB8 /* AllNotesView.swift */,
				3FA6A7C93C52B67714FFB5F1 /* CameraCaptureView.swift */,
				75B5CAC03492CA7EF2B29BDC /* CreateProjectView.swift */,
				2B159464A91F0F008CBAD167 /* EditProjectView.swift */,
				3620C73CD8D7A61B1C59473E /* EditRowNoteView.swift */,
				C05B67645287474EA73C4DDF /* ProjectCard.swift */,
				07AC936135E44C341839B236 /* ProjectDetailView.swift */,
				80C22BEC6684E36544AD8B83 /* ProjectPhotoPicker.swift */,
				70FD986F2D3E4C84860398EB /* ProjectPhotoView.swift */,
				2D483F31D056F9F52B2EC563 /* ProjectsView.swift */,
			);
			path = Projects;
			sourceTree = "<group>";
		};
		74E746C56AB9D2B0682463AA /* Settings */ = {
			isa = PBXGroup;
			children = (
				3C1FE7F6E3926F76E8684A55 /* SettingsView.swift */,
			);
			path = Settings;
			sourceTree = "<group>";
		};
		75215C9D724CD12DF1595F4E /* KnitNote */ = {
			isa = PBXGroup;
			children = (
				3A8BA0F1D4ABF2AA7472AEE6 /* Assets.xcassets */,
				F5F160074737C554D783176A /* LaunchScreen.storyboard */,
				4D55FE9FD7B400E4A1009DF1 /* App */,
				9EE6E3997B8A05A231ECB4D4 /* Launch */,
				3749410B591F9345227F4449 /* Localization */,
				00FA7869BBC2022A1F3126E0 /* Patterns */,
				65DC28AC37D32EA9468D7BDE /* Projects */,
				74E746C56AB9D2B0682463AA /* Settings */,
				367640414936CD240A016BEB /* Theme */,
			);
			path = KnitNote;
			sourceTree = "<group>";
		};
		8BD3900E36112649B3129656 /* Resources */ = {
			isa = PBXGroup;
			children = (
				2A4E4878CC053C86851B7DDD /* .keep */,
			);
			path = Resources;
			sourceTree = "<group>";
		};
		8D4DBBB5F086B5F2BE0A2692 /* Patterns */ = {
			isa = PBXGroup;
			children = (
				99C1BBB226BBB92B3E8BA778 /* PatternDocument.swift */,
				68CED6A558B7B52DF3926BC8 /* PatternFileService.swift */,
				4451F3892CAC312B00F3AC04 /* PatternMarkup.swift */,
				6047A37140A375666423E1A2 /* PatternMarkupFileService.swift */,
			);
			path = Patterns;
			sourceTree = "<group>";
		};
		9BC10CC549E3CC0E29EE734A /* Products */ = {
			isa = PBXGroup;
			children = (
				14B46C9D90D2250C063CBEB9 /* KnitNote.app */,
				1112E674E478840A2286F6BA /* KnitNoteWatch.app */,
			);
			name = Products;
			sourceTree = "<group>";
		};
		9EE6E3997B8A05A231ECB4D4 /* Launch */ = {
			isa = PBXGroup;
			children = (
				BA850E172D868553998BB9D7 /* FamilyLaunchAnimationView.swift */,
				DE93168C75522B21CB0CB7DF /* PaintingOverlayRegion.swift */,
			);
			path = Launch;
			sourceTree = "<group>";
		};
		A2875FC623ACA3B0597786CF /* KnitNoteWatch */ = {
			isa = PBXGroup;
			children = (
				C05CDA77F3B1408AFFF947CE /* KnitNoteWatchApp.swift */,
				599E557622BDBD257E4CFEF3 /* Localizable.xcstrings */,
				C65533430112873329E49422 /* WatchCounterView.swift */,
			);
			path = KnitNoteWatch;
			sourceTree = "<group>";
		};
		ADC03985307A33CF231A2728 /* Projects */ = {
			isa = PBXGroup;
			children = (
				5F825D878BD495CBF8CFA3E4 /* JSONProjectStore.swift */,
				1B40E2A43FA18A0C33DE7E42 /* KnittingProject.swift */,
				557A2AAE55C6DA1A6C527FE6 /* ProjectPhotoFileService.swift */,
				FE75A4BC6F25D9138B684ADF /* RowNote.swift */,
				2C7908B2ED4E0DCD00EBF868 /* StoredProject.swift */,
			);
			path = Projects;
			sourceTree = "<group>";
		};
		BFE7ACE6E08F193BC58351A7 = {
			isa = PBXGroup;
			children = (
				75215C9D724CD12DF1595F4E /* KnitNote */,
				0ADFE4B616722EE6405BBCB7 /* KnitNoteCore */,
				A2875FC623ACA3B0597786CF /* KnitNoteWatch */,
				9BC10CC549E3CC0E29EE734A /* Products */,
			);
			sourceTree = "<group>";
		};
		D2A26E1A33BD10C640FB127A /* Theme */ = {
			isa = PBXGroup;
			children = (
				46BC18F10B8F996B71604BBF /* WatercolorThemePolicy.swift */,
			);
			path = Theme;
			sourceTree = "<group>";
		};
/* End PBXGroup section */

/* Begin PBXNativeTarget section */
		ABFEFD40E9C4B3B0EB287FB5 /* KnitNote */ = {
			isa = PBXNativeTarget;
			buildConfigurationList = 3138E9B12DC538906F9C9DFE /* Build configuration list for PBXNativeTarget "KnitNote" */;
			buildPhases = (
				7F8243B94B9721271496D369 /* Sources */,
				D72DC11952E505F69C264F17 /* Resources */,
			);
			buildRules = (
			);
			dependencies = (
			);
			name = KnitNote;
			packageProductDependencies = (
			);
			productName = KnitNote;
			productReference = 14B46C9D90D2250C063CBEB9 /* KnitNote.app */;
			productType = "com.apple.product-type.application";
		};
		D3702212370914BD0EFFE039 /* KnitNoteWatch */ = {
			isa = PBXNativeTarget;
			buildConfigurationList = 48D15CAE91A1ED02AEAF6568 /* Build configuration list for PBXNativeTarget "KnitNoteWatch" */;
			buildPhases = (
				B141C3A9B9F07A5A0C5D756F /* Sources */,
				F9E999C8E2418A6909FEF078 /* Resources */,
			);
			buildRules = (
			);
			dependencies = (
			);
			name = KnitNoteWatch;
			packageProductDependencies = (
			);
			productName = KnitNoteWatch;
			productReference = 1112E674E478840A2286F6BA /* KnitNoteWatch.app */;
			productType = "com.apple.product-type.application";
		};
/* End PBXNativeTarget section */

/* Begin PBXProject section */
		C3D817B8651440BF1170DB4F /* Project object */ = {
			isa = PBXProject;
			attributes = {
				BuildIndependentTargetsInParallel = YES;
				LastUpgradeCheck = 1430;
				TargetAttributes = {
					ABFEFD40E9C4B3B0EB287FB5 = {
						DevelopmentTeam = 9CFPAUL5N5;
					};
					D3702212370914BD0EFFE039 = {
						DevelopmentTeam = 9CFPAUL5N5;
					};
				};
			};
			buildConfigurationList = 0A941A9426F1DA45F01D7B07 /* Build configuration list for PBXProject "KnitNote" */;
			developmentRegion = en;
			hasScannedForEncodings = 0;
			knownRegions = (
				Base,
				en,
				"zh-Hant",
			);
			mainGroup = BFE7ACE6E08F193BC58351A7;
			minimizedProjectReferenceProxies = 1;
			preferredProjectObjectVersion = 77;
			productRefGroup = 9BC10CC549E3CC0E29EE734A /* Products */;
			projectDirPath = "";
			projectRoot = "";
			targets = (
				ABFEFD40E9C4B3B0EB287FB5 /* KnitNote */,
				D3702212370914BD0EFFE039 /* KnitNoteWatch */,
			);
		};
/* End PBXProject section */

/* Begin PBXResourcesBuildPhase section */
		D72DC11952E505F69C264F17 /* Resources */ = {
			isa = PBXResourcesBuildPhase;
			buildActionMask = 2147483647;
			files = (
				34DB8128866B07153BA47DD8 /* Assets.xcassets in Resources */,
				D56C0BDFF30C510581164CC1 /* InfoPlist.xcstrings in Resources */,
				81BFF8531BBD2BF153058568 /* LaunchScreen.storyboard in Resources */,
				6D76B8009FFD25FE40DD14C0 /* Localizable.xcstrings in Resources */,
			);
			runOnlyForDeploymentPostprocessing = 0;
		};
		F9E999C8E2418A6909FEF078 /* Resources */ = {
			isa = PBXResourcesBuildPhase;
			buildActionMask = 2147483647;
			files = (
				B6CE950838570266698107C9 /* Localizable.xcstrings in Resources */,
			);
			runOnlyForDeploymentPostprocessing = 0;
		};
/* End PBXResourcesBuildPhase section */

/* Begin PBXSourcesBuildPhase section */
		7F8243B94B9721271496D369 /* Sources */ = {
			isa = PBXSourcesBuildPhase;
			buildActionMask = 2147483647;
			files = (
				E670667E131CAEC693AFEE22 /* AllNotesView.swift in Sources */,
				CA6698DA0F29B9ABFEBCA6E9 /* AppLanguage.swift in Sources */,
				EA6EC18E3BA8C13E7F88D518 /* CameraCaptureView.swift in Sources */,
				57027A881A62D015E3538D3C /* ChoosePatternProjectView.swift in Sources */,
				52A4EF771E42E61C79D4DC81 /* CreateProjectView.swift in Sources */,
				F38DAE6BC826FFFF57137DEF /* EditPatternPageNoteView.swift in Sources */,
				585606C343A35128411BC2E1 /* EditProjectView.swift in Sources */,
				E7B3D88A524E639567C68181 /* EditRowNoteView.swift in Sources */,
				89AA9318C5AEB7CD5C2DA4F8 /* FamilyLaunchAnimationView.swift in Sources */,
				36584501F2661D8E10A19BE6 /* HighlightOverlay.swift in Sources */,
				064665149A05CC8E272CA59B /* ImageReaderView.swift in Sources */,
				214000B049624E0C0588F1C7 /* JSONProjectStore.swift in Sources */,
				E857AC39E1C3EAB1D2C0735A /* KnitNoteApp.swift in Sources */,
				66D325D5CBFA9D9996ACC477 /* KnitNoteCore.swift in Sources */,
				8EFAF523F9908E0B95BFCB89 /* KnittingProject.swift in Sources */,
				DBF2E2B7BD535C9C8AF1E53C /* LanguageSettings.swift in Sources */,
				757DDC30D4CF9EF3EAABCD99 /* LaunchExperienceCoordinator.swift in Sources */,
				240B0788D2ECEE1EA3E48ECF /* LaunchExperienceState.swift in Sources */,
				6AA7291F406E7FCF8B1382C6 /* LemonEmptyState.swift in Sources */,
				6870AA4039BC7963BE6AAAAF /* PDFReaderView.swift in Sources */,
				D9D96422EAA83DBC4E03A060 /* PaintingOverlayRegion.swift in Sources */,
				E6C3B2816744B19C77DE0ACD /* PatternDocument.swift in Sources */,
				99EB407F22CC799B2B5FAD00 /* PatternFileService.swift in Sources */,
				0C5577C16097062613E39E51 /* PatternLibraryView.swift in Sources */,
				FDD10510A53A1E0DE226355B /* PatternMarkup.swift in Sources */,
				F7BFE7FD7E58B7487B0D7018 /* PatternMarkupFileService.swift in Sources */,
				1E56D47B1CD24F5E3A18D70C /* PatternMarkupOverlay.swift in Sources */,
				2FB41EDF321E92C7E70B4801 /* PatternMarkupToolbar.swift in Sources */,
				F32AA568D0C99E08D9C6AF82 /* PatternReaderControls.swift in Sources */,
				68362824FB4BC12615282608 /* PatternReaderView.swift in Sources */,
				BFFC9B5E14DA29A679963137 /* ProjectCard.swift in Sources */,
				D8C39A1514196D426E41EA7E /* ProjectDetailView.swift in Sources */,
				DA95835CF1FE8ED5122062AF /* ProjectPatternsView.swift in Sources */,
				58DF31DB4249DCFC5A6451E2 /* ProjectPhotoFileService.swift in Sources */,
				8AC28A12A7BFBEE2063DDC88 /* ProjectPhotoPicker.swift in Sources */,
				27A3D14010BEAF07C41EE93C /* ProjectPhotoView.swift in Sources */,
				3CA4295D672D7BB3EEC8EF3B /* ProjectsView.swift in Sources */,
				8A0D44321A0B878C18C93038 /* RootView.swift in Sources */,
				3067B978D7AD5AD41407CF05 /* RowNote.swift in Sources */,
				3B4F33C9BB928655D1287371 /* SettingsView.swift in Sources */,
				70AA2EBA3FEE78787A9EEF4C /* StoredProject.swift in Sources */,
				5536B07A38E71EE08FCBEFB8 /* WatercolorSurfaces.swift in Sources */,
				2C14F6DCC66352FD964D948A /* WatercolorTheme.swift in Sources */,
				A8F65FDC2EB37F7CC35B551D /* WatercolorThemePolicy.swift in Sources */,
			);
			runOnlyForDeploymentPostprocessing = 0;
		};
		B141C3A9B9F07A5A0C5D756F /* Sources */ = {
			isa = PBXSourcesBuildPhase;
			buildActionMask = 2147483647;
			files = (
				3C6BE637ADCCABE03A6E9540 /* AppLanguage.swift in Sources */,
				326D6303F4CB969B6F1667DA /* JSONProjectStore.swift in Sources */,
				6E929A5FDD9B904B5A57616C /* KnitNoteCore.swift in Sources */,
				BE902C18AE5BF8A6ABCE3B8E /* KnitNoteWatchApp.swift in Sources */,
				12CECA964F06EAD8326C669D /* KnittingProject.swift in Sources */,
				C825CFFB032FD78332EFF6E9 /* LanguageSettings.swift in Sources */,
				24CA166D7986870DA6232BB9 /* LaunchExperienceState.swift in Sources */,
				20E270A4EDC9F277C3B03321 /* PatternDocument.swift in Sources */,
				DD4C8D98E06279AA69DCDB1E /* PatternFileService.swift in Sources */,
				5116550EC2CA3C68BEED3AA2 /* PatternMarkup.swift in Sources */,
				CE0C9AB59E4E7FB73A73A1C1 /* PatternMarkupFileService.swift in Sources */,
				51864AD110E9811C0839F35D /* ProjectPhotoFileService.swift in Sources */,
				BCA2F5D135FB115F9E282FF7 /* RowNote.swift in Sources */,
				00FD4B24B3DBF01EC47189B7 /* StoredProject.swift in Sources */,
				0C7F4765BC5495DFE7C51C8E /* WatchCounterView.swift in Sources */,
				C42138FBF27EB5F5C43060FA /* WatercolorThemePolicy.swift in Sources */,
			);
			runOnlyForDeploymentPostprocessing = 0;
		};
/* End PBXSourcesBuildPhase section */

/* Begin XCBuildConfiguration section */
		23FB596AB0C7EC57AFC23628 /* Release */ = {
			isa = XCBuildConfiguration;
			buildSettings = {
				ASSETCATALOG_COMPILER_APPICON_NAME = AppIcon;
				CURRENT_PROJECT_VERSION = 1;
				GENERATE_INFOPLIST_FILE = YES;
				INFOPLIST_KEY_CFBundleDisplayName = KnitNote;
				MARKETING_VERSION = 1.0.0;
				PRODUCT_BUNDLE_IDENTIFIER = com.example.KnitNote.watch;
				PRODUCT_NAME = KnitNoteWatch;
				SDKROOT = watchos;
				SKIP_INSTALL = YES;
				TARGETED_DEVICE_FAMILY = 4;
			};
			name = Release;
		};
		429FD8AEC84281FEC5FCF09E /* Release */ = {
			isa = XCBuildConfiguration;
			buildSettings = {
				ASSETCATALOG_COMPILER_APPICON_NAME = "";
				CODE_SIGN_IDENTITY = "iPhone Developer";
				CURRENT_PROJECT_VERSION = 1;
				GENERATE_INFOPLIST_FILE = YES;
				INFOPLIST_KEY_CFBundleDisplayName = KnitNote;
				INFOPLIST_KEY_LSApplicationCategoryType = "public.app-category.lifestyle";
				"INFOPLIST_KEY_NSCameraUsageDescription[sdk=iphoneos*]" = "Take a photo for your knitting project.";
				"INFOPLIST_KEY_NSCameraUsageDescription[sdk=iphonesimulator*]" = "Take a photo for your knitting project.";
				"INFOPLIST_KEY_UILaunchStoryboardName[sdk=iphoneos*]" = LaunchScreen;
				"INFOPLIST_KEY_UILaunchStoryboardName[sdk=iphonesimulator*]" = LaunchScreen;
				INFOPLIST_KEY_UISupportedInterfaceOrientations = "UIInterfaceOrientationPortrait UIInterfaceOrientationPortraitUpsideDown UIInterfaceOrientationLandscapeLeft UIInterfaceOrientationLandscapeRight";
				LD_RUNPATH_SEARCH_PATHS = (
					"$(inherited)",
					"@executable_path/Frameworks",
				);
				MARKETING_VERSION = 1.0.0;
				PRODUCT_BUNDLE_IDENTIFIER = com.example.KnitNote;
				PRODUCT_NAME = KnitNote;
				SDKROOT = auto;
				SUPPORTED_PLATFORMS = "iphoneos iphonesimulator macosx";
				SUPPORTS_MACCATALYST = NO;
				SUPPORTS_MAC_DESIGNED_FOR_IPHONE_IPAD = NO;
				SUPPORTS_XR_DESIGNED_FOR_IPHONE_IPAD = YES;
				TARGETED_DEVICE_FAMILY = "1,2";
			};
			name = Release;
		};
		A4D6276A5170CE73E3DF79E5 /* Debug */ = {
			isa = XCBuildConfiguration;
			buildSettings = {
				ASSETCATALOG_COMPILER_APPICON_NAME = "";
				CODE_SIGN_IDENTITY = "iPhone Developer";
				CURRENT_PROJECT_VERSION = 1;
				GENERATE_INFOPLIST_FILE = YES;
				INFOPLIST_KEY_CFBundleDisplayName = KnitNote;
				INFOPLIST_KEY_LSApplicationCategoryType = "public.app-category.lifestyle";
				"INFOPLIST_KEY_NSCameraUsageDescription[sdk=iphoneos*]" = "Take a photo for your knitting project.";
				"INFOPLIST_KEY_NSCameraUsageDescription[sdk=iphonesimulator*]" = "Take a photo for your knitting project.";
				"INFOPLIST_KEY_UILaunchStoryboardName[sdk=iphoneos*]" = LaunchScreen;
				"INFOPLIST_KEY_UILaunchStoryboardName[sdk=iphonesimulator*]" = LaunchScreen;
				INFOPLIST_KEY_UISupportedInterfaceOrientations = "UIInterfaceOrientationPortrait UIInterfaceOrientationPortraitUpsideDown UIInterfaceOrientationLandscapeLeft UIInterfaceOrientationLandscapeRight";
				LD_RUNPATH_SEARCH_PATHS = (
					"$(inherited)",
					"@executable_path/Frameworks",
				);
				MARKETING_VERSION = 1.0.0;
				PRODUCT_BUNDLE_IDENTIFIER = com.example.KnitNote;
				PRODUCT_NAME = KnitNote;
				SDKROOT = auto;
				SUPPORTED_PLATFORMS = "iphoneos iphonesimulator macosx";
				SUPPORTS_MACCATALYST = NO;
				SUPPORTS_MAC_DESIGNED_FOR_IPHONE_IPAD = NO;
				SUPPORTS_XR_DESIGNED_FOR_IPHONE_IPAD = YES;
				TARGETED_DEVICE_FAMILY = "1,2";
			};
			name = Debug;
		};
		CF30C0CCD253A7AB335A4915 /* Release */ = {
			isa = XCBuildConfiguration;
			buildSettings = {
				ALWAYS_SEARCH_USER_PATHS = NO;
				CLANG_ANALYZER_NONNULL = YES;
				CLANG_ANALYZER_NUMBER_OBJECT_CONVERSION = YES_AGGRESSIVE;
				CLANG_CXX_LANGUAGE_STANDARD = "gnu++14";
				CLANG_CXX_LIBRARY = "libc++";
				CLANG_ENABLE_MODULES = YES;
				CLANG_ENABLE_OBJC_ARC = YES;
				CLANG_ENABLE_OBJC_WEAK = YES;
				CLANG_WARN_BLOCK_CAPTURE_AUTORELEASING = YES;
				CLANG_WARN_BOOL_CONVERSION = YES;
				CLANG_WARN_COMMA = YES;
				CLANG_WARN_CONSTANT_CONVERSION = YES;
				CLANG_WARN_DEPRECATED_OBJC_IMPLEMENTATIONS = YES;
				CLANG_WARN_DIRECT_OBJC_ISA_USAGE = YES_ERROR;
				CLANG_WARN_DOCUMENTATION_COMMENTS = YES;
				CLANG_WARN_EMPTY_BODY = YES;
				CLANG_WARN_ENUM_CONVERSION = YES;
				CLANG_WARN_INFINITE_RECURSION = YES;
				CLANG_WARN_INT_CONVERSION = YES;
				CLANG_WARN_NON_LITERAL_NULL_CONVERSION = YES;
				CLANG_WARN_OBJC_IMPLICIT_RETAIN_SELF = YES;
				CLANG_WARN_OBJC_LITERAL_CONVERSION = YES;
				CLANG_WARN_OBJC_ROOT_CLASS = YES_ERROR;
				CLANG_WARN_QUOTED_INCLUDE_IN_FRAMEWORK_HEADER = YES;
				CLANG_WARN_RANGE_LOOP_ANALYSIS = YES;
				CLANG_WARN_STRICT_PROTOTYPES = YES;
				CLANG_WARN_SUSPICIOUS_MOVE = YES;
				CLANG_WARN_UNGUARDED_AVAILABILITY = YES_AGGRESSIVE;
				CLANG_WARN_UNREACHABLE_CODE = YES;
				CLANG_WARN__DUPLICATE_METHOD_MATCH = YES;
				COPY_PHASE_STRIP = NO;
				DEBUG_INFORMATION_FORMAT = "dwarf-with-dsym";
				DEVELOPMENT_TEAM = 9CFPAUL5N5;
				ENABLE_NS_ASSERTIONS = NO;
				ENABLE_STRICT_OBJC_MSGSEND = YES;
				GCC_C_LANGUAGE_STANDARD = gnu11;
				GCC_NO_COMMON_BLOCKS = YES;
				GCC_WARN_64_TO_32_BIT_CONVERSION = YES;
				GCC_WARN_ABOUT_RETURN_TYPE = YES_ERROR;
				GCC_WARN_UNDECLARED_SELECTOR = YES;
				GCC_WARN_UNINITIALIZED_AUTOS = YES_AGGRESSIVE;
				GCC_WARN_UNUSED_FUNCTION = YES;
				GCC_WARN_UNUSED_VARIABLE = YES;
				IPHONEOS_DEPLOYMENT_TARGET = 18.0;
				MACOSX_DEPLOYMENT_TARGET = 15.0;
				MTL_ENABLE_DEBUG_INFO = NO;
				MTL_FAST_MATH = YES;
				PRODUCT_NAME = "$(TARGET_NAME)";
				SWIFT_COMPILATION_MODE = wholemodule;
				SWIFT_OPTIMIZATION_LEVEL = "-O";
				SWIFT_VERSION = 6.0;
				WATCHOS_DEPLOYMENT_TARGET = 11.0;
			};
			name = Release;
		};
		E2486F10996EEDF5A8B428BF /* Debug */ = {
			isa = XCBuildConfiguration;
			buildSettings = {
				ALWAYS_SEARCH_USER_PATHS = NO;
				CLANG_ANALYZER_NONNULL = YES;
				CLANG_ANALYZER_NUMBER_OBJECT_CONVERSION = YES_AGGRESSIVE;
				CLANG_CXX_LANGUAGE_STANDARD = "gnu++14";
				CLANG_CXX_LIBRARY = "libc++";
				CLANG_ENABLE_MODULES = YES;
				CLANG_ENABLE_OBJC_ARC = YES;
				CLANG_ENABLE_OBJC_WEAK = YES;
				CLANG_WARN_BLOCK_CAPTURE_AUTORELEASING = YES;
				CLANG_WARN_BOOL_CONVERSION = YES;
				CLANG_WARN_COMMA = YES;
				CLANG_WARN_CONSTANT_CONVERSION = YES;
				CLANG_WARN_DEPRECATED_OBJC_IMPLEMENTATIONS = YES;
				CLANG_WARN_DIRECT_OBJC_ISA_USAGE = YES_ERROR;
				CLANG_WARN_DOCUMENTATION_COMMENTS = YES;
				CLANG_WARN_EMPTY_BODY = YES;
				CLANG_WARN_ENUM_CONVERSION = YES;
				CLANG_WARN_INFINITE_RECURSION = YES;
				CLANG_WARN_INT_CONVERSION = YES;
				CLANG_WARN_NON_LITERAL_NULL_CONVERSION = YES;
				CLANG_WARN_OBJC_IMPLICIT_RETAIN_SELF = YES;
				CLANG_WARN_OBJC_LITERAL_CONVERSION = YES;
				CLANG_WARN_OBJC_ROOT_CLASS = YES_ERROR;
				CLANG_WARN_QUOTED_INCLUDE_IN_FRAMEWORK_HEADER = YES;
				CLANG_WARN_RANGE_LOOP_ANALYSIS = YES;
				CLANG_WARN_STRICT_PROTOTYPES = YES;
				CLANG_WARN_SUSPICIOUS_MOVE = YES;
				CLANG_WARN_UNGUARDED_AVAILABILITY = YES_AGGRESSIVE;
				CLANG_WARN_UNREACHABLE_CODE = YES;
				CLANG_WARN__DUPLICATE_METHOD_MATCH = YES;
				COPY_PHASE_STRIP = NO;
				DEBUG_INFORMATION_FORMAT = dwarf;
				DEVELOPMENT_TEAM = 9CFPAUL5N5;
				ENABLE_STRICT_OBJC_MSGSEND = YES;
				ENABLE_TESTABILITY = YES;
				GCC_C_LANGUAGE_STANDARD = gnu11;
				GCC_DYNAMIC_NO_PIC = NO;
				GCC_NO_COMMON_BLOCKS = YES;
				GCC_OPTIMIZATION_LEVEL = 0;
				GCC_PREPROCESSOR_DEFINITIONS = (
					"$(inherited)",
					"DEBUG=1",
				);
				GCC_WARN_64_TO_32_BIT_CONVERSION = YES;
				GCC_WARN_ABOUT_RETURN_TYPE = YES_ERROR;
				GCC_WARN_UNDECLARED_SELECTOR = YES;
				GCC_WARN_UNINITIALIZED_AUTOS = YES_AGGRESSIVE;
				GCC_WARN_UNUSED_FUNCTION = YES;
				GCC_WARN_UNUSED_VARIABLE = YES;
				IPHONEOS_DEPLOYMENT_TARGET = 18.0;
				MACOSX_DEPLOYMENT_TARGET = 15.0;
				MTL_ENABLE_DEBUG_INFO = INCLUDE_SOURCE;
				MTL_FAST_MATH = YES;
				ONLY_ACTIVE_ARCH = YES;
				PRODUCT_NAME = "$(TARGET_NAME)";
				SWIFT_ACTIVE_COMPILATION_CONDITIONS = DEBUG;
				SWIFT_OPTIMIZATION_LEVEL = "-Onone";
				SWIFT_VERSION = 6.0;
				WATCHOS_DEPLOYMENT_TARGET = 11.0;
			};
			name = Debug;
		};
		EC88FCB1FDCA61DA42A75284 /* Debug */ = {
			isa = XCBuildConfiguration;
			buildSettings = {
				ASSETCATALOG_COMPILER_APPICON_NAME = AppIcon;
				CURRENT_PROJECT_VERSION = 1;
				GENERATE_INFOPLIST_FILE = YES;
				INFOPLIST_KEY_CFBundleDisplayName = KnitNote;
				MARKETING_VERSION = 1.0.0;
				PRODUCT_BUNDLE_IDENTIFIER = com.example.KnitNote.watch;
				PRODUCT_NAME = KnitNoteWatch;
				SDKROOT = watchos;
				SKIP_INSTALL = YES;
				TARGETED_DEVICE_FAMILY = 4;
			};
			name = Debug;
		};
/* End XCBuildConfiguration section */

/* Begin XCConfigurationList section */
		0A941A9426F1DA45F01D7B07 /* Build configuration list for PBXProject "KnitNote" */ = {
			isa = XCConfigurationList;
			buildConfigurations = (
				E2486F10996EEDF5A8B428BF /* Debug */,
				CF30C0CCD253A7AB335A4915 /* Release */,
			);
			defaultConfigurationIsVisible = 0;
			defaultConfigurationName = Debug;
		};
		3138E9B12DC538906F9C9DFE /* Build configuration list for PBXNativeTarget "KnitNote" */ = {
			isa = XCConfigurationList;
			buildConfigurations = (
				A4D6276A5170CE73E3DF79E5 /* Debug */,
				429FD8AEC84281FEC5FCF09E /* Release */,
			);
			defaultConfigurationIsVisible = 0;
			defaultConfigurationName = Debug;
		};
		48D15CAE91A1ED02AEAF6568 /* Build configuration list for PBXNativeTarget "KnitNoteWatch" */ = {
			isa = XCConfigurationList;
			buildConfigurations = (
				EC88FCB1FDCA61DA42A75284 /* Debug */,
				23FB596AB0C7EC57AFC23628 /* Release */,
			);
			defaultConfigurationIsVisible = 0;
			defaultConfigurationName = Debug;
		};
/* End XCConfigurationList section */
	};
	rootObject = C3D817B8651440BF1170DB4F /* Project object */;
}
