// !$*UTF8*$!
{
	archiveVersion = 1;
	classes = {
	};
	objectVersion = 77;
	objects = {

/* Begin PBXBuildFile section */
		00A2D6DB94985BEAF42649BA /* ProjectJournalPhotoFileService.swift in Sources */ = {isa = PBXBuildFile; fileRef = 7A48FCA1639875053B46568C /* ProjectJournalPhotoFileService.swift */; };
		00FD4B24B3DBF01EC47189B7 /* StoredProject.swift in Sources */ = {isa = PBXBuildFile; fileRef = 2C7908B2ED4E0DCD00EBF868 /* StoredProject.swift */; };
		01969CEC3E446A5A02192151 /* YarnEditorFields.swift in Sources */ = {isa = PBXBuildFile; fileRef = A1693882FFD9DFAA6DE672BF /* YarnEditorFields.swift */; };
		02288F6B6BDCDFC985672ED6 /* EvenStitchAdjustmentCalculator.swift in Sources */ = {isa = PBXBuildFile; fileRef = EFC0A9F78A3AB007A97ADE58 /* EvenStitchAdjustmentCalculator.swift */; };
		02A8AC06B5EB1AE99351FED1 /* CreateYarnView.swift in Sources */ = {isa = PBXBuildFile; fileRef = AEECBF6C9CBE6C2B01EAB680 /* CreateYarnView.swift */; };
		064665149A05CC8E272CA59B /* ImageReaderView.swift in Sources */ = {isa = PBXBuildFile; fileRef = 45DB5696F3AAF1210D0E30D8 /* ImageReaderView.swift */; };
		065C3AC0BD242A4650F3550E /* PhoneWatchSyncCoordinator.swift in Sources */ = {isa = PBXBuildFile; fileRef = B4CD7459BFFD6F5954AE7FDE /* PhoneWatchSyncCoordinator.swift */; };
		0C5577C16097062613E39E51 /* PatternLibraryView.swift in Sources */ = {isa = PBXBuildFile; fileRef = 27833C8F0AB80A6C0C8F223F /* PatternLibraryView.swift */; };
		0C7F4765BC5495DFE7C51C8E /* WatchCounterView.swift in Sources */ = {isa = PBXBuildFile; fileRef = C65533430112873329E49422 /* WatchCounterView.swift */; };
		0FFD14D844495F2E62249E5D /* ProjectJournalPreviewLoader.swift in Sources */ = {isa = PBXBuildFile; fileRef = 87122E654FD5FC76F4013B48 /* ProjectJournalPreviewLoader.swift */; };
		12CECA964F06EAD8326C669D /* KnittingProject.swift in Sources */ = {isa = PBXBuildFile; fileRef = 1B40E2A43FA18A0C33DE7E42 /* KnittingProject.swift */; };
		1A75459733F6F0B98DFB463F /* ProjectJournalSection.swift in Sources */ = {isa = PBXBuildFile; fileRef = 2BBADB1223BF69225A1DF48C /* ProjectJournalSection.swift */; };
		1AFA6889382728256AB9F0A1 /* ProcessedWatchCommandLedger.swift in Sources */ = {isa = PBXBuildFile; fileRef = 373195B93B12AF80760B1A6D /* ProcessedWatchCommandLedger.swift */; };
		1B1A2101FF71E0949F5ED0C6 /* AtomicWatchSyncFile.swift in Sources */ = {isa = PBXBuildFile; fileRef = 44B50375391FAE4E84A86BCF /* AtomicWatchSyncFile.swift */; };
		1B1D92121445E45CFD4386A7 /* YarnPhotoView.swift in Sources */ = {isa = PBXBuildFile; fileRef = 72200A671E5D5C5B6A0E39D2 /* YarnPhotoView.swift */; };
		1CB5C82E85693EC431A030B2 /* ProjectJournalPhotoFileService.swift in Sources */ = {isa = PBXBuildFile; fileRef = 7A48FCA1639875053B46568C /* ProjectJournalPhotoFileService.swift */; };
		1E56D47B1CD24F5E3A18D70C /* PatternMarkupOverlay.swift in Sources */ = {isa = PBXBuildFile; fileRef = 70A7154999ACF3839D188F1E /* PatternMarkupOverlay.swift */; };
		20E270A4EDC9F277C3B03321 /* PatternDocument.swift in Sources */ = {isa = PBXBuildFile; fileRef = 99C1BBB226BBB92B3E8BA778 /* PatternDocument.swift */; };
		2117BE8DBD549F7B8C10181C /* CameraCapturePhotoEncoder.swift in Sources */ = {isa = PBXBuildFile; fileRef = 4F090AE80DF42E6A406946AB /* CameraCapturePhotoEncoder.swift */; };
		214000B049624E0C0588F1C7 /* JSONProjectStore.swift in Sources */ = {isa = PBXBuildFile; fileRef = 5F825D878BD495CBF8CFA3E4 /* JSONProjectStore.swift */; };
		21AE8142598C234C733C0A24 /* KnitNoteBackupManifest.swift in Sources */ = {isa = PBXBuildFile; fileRef = 4C2B7038D08F6C6E76229D7F /* KnitNoteBackupManifest.swift */; };
		240B0788D2ECEE1EA3E48ECF /* LaunchExperienceState.swift in Sources */ = {isa = PBXBuildFile; fileRef = 964E64558882BD0AE262A9E5 /* LaunchExperienceState.swift */; };
		24CA166D7986870DA6232BB9 /* LaunchExperienceState.swift in Sources */ = {isa = PBXBuildFile; fileRef = 964E64558882BD0AE262A9E5 /* LaunchExperienceState.swift */; };
		25F6D5FD469BDAE4B7A91236 /* WatchSyncCache.swift in Sources */ = {isa = PBXBuildFile; fileRef = C27CD7D290EB0C1B3F7A706C /* WatchSyncCache.swift */; };
		26E3D77C78F53AAA71230E55 /* ChooseYarnProjectsView.swift in Sources */ = {isa = PBXBuildFile; fileRef = F1636706F0E1A52CEA341F56 /* ChooseYarnProjectsView.swift */; };
		27A3D14010BEAF07C41EE93C /* ProjectPhotoView.swift in Sources */ = {isa = PBXBuildFile; fileRef = 70FD986F2D3E4C84860398EB /* ProjectPhotoView.swift */; };
		2BBD5788EC1192B3878D9A2B /* FamilyLaunchTimeline.swift in Sources */ = {isa = PBXBuildFile; fileRef = 09798330821D1F0BF4BA803D /* FamilyLaunchTimeline.swift */; };
		2C14F6DCC66352FD964D948A /* WatercolorTheme.swift in Sources */ = {isa = PBXBuildFile; fileRef = 2EBC48066EDE949B29B5F081 /* WatercolorTheme.swift */; };
		2C65A881C19AB58778C5A130 /* KnitNoteBackupExportPackage.swift in Sources */ = {isa = PBXBuildFile; fileRef = 2165C90407328B78E825881B /* KnitNoteBackupExportPackage.swift */; };
		2CC1A69EE25E2BC8EF9FDB37 /* RowIntervalAdjustmentCalculator.swift in Sources */ = {isa = PBXBuildFile; fileRef = 6DFEF29B5AF1EF4FB1D1A18C /* RowIntervalAdjustmentCalculator.swift */; };
		2DD65ED0D2A50114ED195600 /* PhoneWatchSession.swift in Sources */ = {isa = PBXBuildFile; fileRef = 8CEC6756D753A4BB41008CF0 /* PhoneWatchSession.swift */; };
		2DDBE8B1B70E14C61110D1F1 /* ProjectCounterName.swift in Sources */ = {isa = PBXBuildFile; fileRef = 30A176FC8CBA054D9D2179E6 /* ProjectCounterName.swift */; };
		2FB41EDF321E92C7E70B4801 /* PatternMarkupToolbar.swift in Sources */ = {isa = PBXBuildFile; fileRef = 2CBD75BD00755D59F3C8AF82 /* PatternMarkupToolbar.swift */; };
		3067B978D7AD5AD41407CF05 /* RowNote.swift in Sources */ = {isa = PBXBuildFile; fileRef = FE75A4BC6F25D9138B684ADF /* RowNote.swift */; };
		326D6303F4CB969B6F1667DA /* JSONProjectStore.swift in Sources */ = {isa = PBXBuildFile; fileRef = 5F825D878BD495CBF8CFA3E4 /* JSONProjectStore.swift */; };
		34DB8128866B07153BA47DD8 /* Assets.xcassets in Resources */ = {isa = PBXBuildFile; fileRef = 3A8BA0F1D4ABF2AA7472AEE6 /* Assets.xcassets */; };
		353A18D950BE57FAB2C7F3D6 /* EditYarnView.swift in Sources */ = {isa = PBXBuildFile; fileRef = BDACACFA5A882F4B425E44A4 /* EditYarnView.swift */; };
		36584501F2661D8E10A19BE6 /* HighlightOverlay.swift in Sources */ = {isa = PBXBuildFile; fileRef = 9601A8677B4A82779D2F7E59 /* HighlightOverlay.swift */; };
		3B4F33C9BB928655D1287371 /* SettingsView.swift in Sources */ = {isa = PBXBuildFile; fileRef = 3C1FE7F6E3926F76E8684A55 /* SettingsView.swift */; };
		3C6BE637ADCCABE03A6E9540 /* AppLanguage.swift in Sources */ = {isa = PBXBuildFile; fileRef = 3CD5B158A45CBD8018FC499A /* AppLanguage.swift */; };
		3CA4295D672D7BB3EEC8EF3B /* ProjectsView.swift in Sources */ = {isa = PBXBuildFile; fileRef = 2D483F31D056F9F52B2EC563 /* ProjectsView.swift */; };
		3D2E218C2F45088DCE0EB1FD /* KnitNoteBackupService.swift in Sources */ = {isa = PBXBuildFile; fileRef = 6BD9BA7AF9DB8355EC7EDC7F /* KnitNoteBackupService.swift */; };
		3DF82E72F81800C8080884A3 /* YarnPhotoFileService.swift in Sources */ = {isa = PBXBuildFile; fileRef = 02A9FBF7FCB06E26E6EA71D3 /* YarnPhotoFileService.swift */; };
		461C5C4F403AA6DA585E97F0 /* PreparedWatchCommand.swift in Sources */ = {isa = PBXBuildFile; fileRef = F53F8478B3089817AE2FFFA1 /* PreparedWatchCommand.swift */; };
		4738B2850ED925926970AEE2 /* CameraCapturePhotoEncoder.swift in Sources */ = {isa = PBXBuildFile; fileRef = 4F090AE80DF42E6A406946AB /* CameraCapturePhotoEncoder.swift */; };
		49C3DCD3D65CBFECF0DE94E9 /* GaugeCalculatorView.swift in Sources */ = {isa = PBXBuildFile; fileRef = 7ED53386A158E8DF747E954D /* GaugeCalculatorView.swift */; };
		4FA4DFBFB3C4C0211CF579C2 /* JournalPhotoPicker.swift in Sources */ = {isa = PBXBuildFile; fileRef = F06831CA9B742E9BB9A212DB /* JournalPhotoPicker.swift */; };
		50FD51A80636056A79BEEF1C /* StoredYarn.swift in Sources */ = {isa = PBXBuildFile; fileRef = 2CCBF6B48289E8AE66DF4A39 /* StoredYarn.swift */; };
		5116550EC2CA3C68BEED3AA2 /* PatternMarkup.swift in Sources */ = {isa = PBXBuildFile; fileRef = 4451F3892CAC312B00F3AC04 /* PatternMarkup.swift */; };
		51864AD110E9811C0839F35D /* ProjectPhotoFileService.swift in Sources */ = {isa = PBXBuildFile; fileRef = 557A2AAE55C6DA1A6C527FE6 /* ProjectPhotoFileService.swift */; };
		52A4EF771E42E61C79D4DC81 /* CreateProjectView.swift in Sources */ = {isa = PBXBuildFile; fileRef = 75B5CAC03492CA7EF2B29BDC /* CreateProjectView.swift */; };
		52FA8A3EA61D356F594109C4 /* EvenStitchAdjustmentCalculatorView.swift in Sources */ = {isa = PBXBuildFile; fileRef = 87F8A59940BD2F1CA4BFD2E3 /* EvenStitchAdjustmentCalculatorView.swift */; };
		5536B07A38E71EE08FCBEFB8 /* WatercolorSurfaces.swift in Sources */ = {isa = PBXBuildFile; fileRef = 1587DA4ECD08A93EFE0BB89A /* WatercolorSurfaces.swift */; };
		57027A881A62D015E3538D3C /* ChoosePatternProjectView.swift in Sources */ = {isa = PBXBuildFile; fileRef = 1DB0EBE0E4F768F0A8C15CC6 /* ChoosePatternProjectView.swift */; };
		585606C343A35128411BC2E1 /* EditProjectView.swift in Sources */ = {isa = PBXBuildFile; fileRef = 2B159464A91F0F008CBAD167 /* EditProjectView.swift */; };
		58DF31DB4249DCFC5A6451E2 /* ProjectPhotoFileService.swift in Sources */ = {isa = PBXBuildFile; fileRef = 557A2AAE55C6DA1A6C527FE6 /* ProjectPhotoFileService.swift */; };
		6007144FFB9445FE542F6513 /* YarnLibraryView.swift in Sources */ = {isa = PBXBuildFile; fileRef = 12EC830D0E81ACA58737B2E3 /* YarnLibraryView.swift */; };
		62268C21FBF4DF88D3D3A092 /* GaugeCalculator.swift in Sources */ = {isa = PBXBuildFile; fileRef = D157077494138E6450BAC49F /* GaugeCalculator.swift */; };
		625C39A0B9A33D2FADACCA3E /* WatchSession.swift in Sources */ = {isa = PBXBuildFile; fileRef = 1D2B00C1065A2E66F17AE4CC /* WatchSession.swift */; };
		65746D5C7B11C3982003394B /* RowIntervalAdjustmentCalculator.swift in Sources */ = {isa = PBXBuildFile; fileRef = 6DFEF29B5AF1EF4FB1D1A18C /* RowIntervalAdjustmentCalculator.swift */; };
		660E953AA38F192B30BB538A /* EditCounterNameView.swift in Sources */ = {isa = PBXBuildFile; fileRef = 600A5A211EF6682DED675574 /* EditCounterNameView.swift */; };
		66D325D5CBFA9D9996ACC477 /* KnitNoteCore.swift in Sources */ = {isa = PBXBuildFile; fileRef = 121DC898B51C86C11B40705C /* KnitNoteCore.swift */; };
		68362824FB4BC12615282608 /* PatternReaderView.swift in Sources */ = {isa = PBXBuildFile; fileRef = 3C207C026A98D9C668822C9A /* PatternReaderView.swift */; };
		6870AA4039BC7963BE6AAAAF /* PDFReaderView.swift in Sources */ = {isa = PBXBuildFile; fileRef = F908526E23B7BB45759E5DB7 /* PDFReaderView.swift */; };
		6AA7291F406E7FCF8B1382C6 /* LemonEmptyState.swift in Sources */ = {isa = PBXBuildFile; fileRef = 282D4248758A8480ED49B7C0 /* LemonEmptyState.swift */; };
		6AF16B60E9057AC4B2FD2EDE /* YarnDetailView.swift in Sources */ = {isa = PBXBuildFile; fileRef = 451B0A168DC2F848CEE98A74 /* YarnDetailView.swift */; };
		6C1465A6FA4F7D7B674D34CA /* KnitNoteBackupService.swift in Sources */ = {isa = PBXBuildFile; fileRef = 6BD9BA7AF9DB8355EC7EDC7F /* KnitNoteBackupService.swift */; };
		6D76B8009FFD25FE40DD14C0 /* Localizable.xcstrings in Resources */ = {isa = PBXBuildFile; fileRef = E993310F5466BA6DAE24B6C7 /* Localizable.xcstrings */; };
		6E227D5A775B6659FDBE3247 /* WatchConnectivityEnvelope.swift in Sources */ = {isa = PBXBuildFile; fileRef = 926C002CC977A56CD9D4B192 /* WatchConnectivityEnvelope.swift */; };
		6E929A5FDD9B904B5A57616C /* KnitNoteCore.swift in Sources */ = {isa = PBXBuildFile; fileRef = 121DC898B51C86C11B40705C /* KnitNoteCore.swift */; };
		6F1E62E6245C4628E176F414 /* FamilyHeroFramePreferenceKey.swift in Sources */ = {isa = PBXBuildFile; fileRef = 96E071B2A89B3F9BEB0EEED2 /* FamilyHeroFramePreferenceKey.swift */; };
		70432140F797B82B07CAF010 /* WatchSyncModels.swift in Sources */ = {isa = PBXBuildFile; fileRef = 3B4C9A44F8AF4A5A552A63AC /* WatchSyncModels.swift */; };
		70AA2EBA3FEE78787A9EEF4C /* StoredProject.swift in Sources */ = {isa = PBXBuildFile; fileRef = 2C7908B2ED4E0DCD00EBF868 /* StoredProject.swift */; };
		7268B20D129F4E40432255B5 /* ProjectJournalEntryDetailView.swift in Sources */ = {isa = PBXBuildFile; fileRef = 9FD7EFB82C9BFC4FF9F2EE78 /* ProjectJournalEntryDetailView.swift */; };
		74876C768CC7C9A9FB5066A9 /* YarnCard.swift in Sources */ = {isa = PBXBuildFile; fileRef = 9CF42C26BEFE47601ED68433 /* YarnCard.swift */; };
		7656DEB167A5633003EF3883 /* EvenStitchAdjustmentInputParser.swift in Sources */ = {isa = PBXBuildFile; fileRef = 8F9C16AA729B6B8BE6255F13 /* EvenStitchAdjustmentInputParser.swift */; };
		774C92AA4520877CB17C1614 /* EditProjectJournalEntryView.swift in Sources */ = {isa = PBXBuildFile; fileRef = 5BB622204D2EC5632CCEE094 /* EditProjectJournalEntryView.swift */; };
		816E08F2B937791F0F1FF8C7 /* AtomicWatchSyncFile.swift in Sources */ = {isa = PBXBuildFile; fileRef = 44B50375391FAE4E84A86BCF /* AtomicWatchSyncFile.swift */; };
		81BFF8531BBD2BF153058568 /* LaunchScreen.storyboard in Resources */ = {isa = PBXBuildFile; fileRef = F5F160074737C554D783176A /* LaunchScreen.storyboard */; platformFilters = (ios, ); };
		829313A3B81FEE7B46C7EEA5 /* ProjectCounter.swift in Sources */ = {isa = PBXBuildFile; fileRef = 9A51559E4B7599CA640466E3 /* ProjectCounter.swift */; };
		89AA9318C5AEB7CD5C2DA4F8 /* FamilyLaunchAnimationView.swift in Sources */ = {isa = PBXBuildFile; fileRef = BA850E172D868553998BB9D7 /* FamilyLaunchAnimationView.swift */; };
		8A0D44321A0B878C18C93038 /* RootView.swift in Sources */ = {isa = PBXBuildFile; fileRef = 431158CF5C9EC212EABD87BA /* RootView.swift */; };
		8AC28A12A7BFBEE2063DDC88 /* ProjectPhotoPicker.swift in Sources */ = {isa = PBXBuildFile; fileRef = 80C22BEC6684E36544AD8B83 /* ProjectPhotoPicker.swift */; };
		8EFAF523F9908E0B95BFCB89 /* KnittingProject.swift in Sources */ = {isa = PBXBuildFile; fileRef = 1B40E2A43FA18A0C33DE7E42 /* KnittingProject.swift */; };
		941A6C75385E9861EA992A1B /* StoredYarn.swift in Sources */ = {isa = PBXBuildFile; fileRef = 2CCBF6B48289E8AE66DF4A39 /* StoredYarn.swift */; };
		971900674C9C5D5FD20475B3 /* EvenStitchAdjustmentCalculator.swift in Sources */ = {isa = PBXBuildFile; fileRef = EFC0A9F78A3AB007A97ADE58 /* EvenStitchAdjustmentCalculator.swift */; };
		997DEDA5DBCE086E364F52E3 /* BackupSettingsSection.swift in Sources */ = {isa = PBXBuildFile; fileRef = 87964CF329F1030E0BD835C3 /* BackupSettingsSection.swift */; };
		99EB407F22CC799B2B5FAD00 /* PatternFileService.swift in Sources */ = {isa = PBXBuildFile; fileRef = 68CED6A558B7B52DF3926BC8 /* PatternFileService.swift */; };
		A8EFB5CB1EF4319452A430B3 /* ProjectJournalEntry.swift in Sources */ = {isa = PBXBuildFile; fileRef = E20855F4064BBED2846643DC /* ProjectJournalEntry.swift */; };
		A8F65FDC2EB37F7CC35B551D /* WatercolorThemePolicy.swift in Sources */ = {isa = PBXBuildFile; fileRef = 46BC18F10B8F996B71604BBF /* WatercolorThemePolicy.swift */; };
		B04213B037CEDDEC3674BF68 /* ProjectCounter.swift in Sources */ = {isa = PBXBuildFile; fileRef = 9A51559E4B7599CA640466E3 /* ProjectCounter.swift */; };
		B5A75428269E1AAD4CF98DE0 /* ProjectJournalAsyncPublicationGate.swift in Sources */ = {isa = PBXBuildFile; fileRef = 3803B909BB62BCCF84FC5BF2 /* ProjectJournalAsyncPublicationGate.swift */; };
		B6416630292A021B3D6F3B87 /* YarnPhotoFileService.swift in Sources */ = {isa = PBXBuildFile; fileRef = 02A9FBF7FCB06E26E6EA71D3 /* YarnPhotoFileService.swift */; };
		B6CE950838570266698107C9 /* Localizable.xcstrings in Resources */ = {isa = PBXBuildFile; fileRef = 599E557622BDBD257E4CFEF3 /* Localizable.xcstrings */; };
		BCA2F5D135FB115F9E282FF7 /* RowNote.swift in Sources */ = {isa = PBXBuildFile; fileRef = FE75A4BC6F25D9138B684ADF /* RowNote.swift */; };
		BE902C18AE5BF8A6ABCE3B8E /* KnitNoteWatchApp.swift in Sources */ = {isa = PBXBuildFile; fileRef = C05CDA77F3B1408AFFF947CE /* KnitNoteWatchApp.swift */; };
		BF02EBBAB7F6B2B5A9DACF1F /* ProcessedWatchCommandLedger.swift in Sources */ = {isa = PBXBuildFile; fileRef = 373195B93B12AF80760B1A6D /* ProcessedWatchCommandLedger.swift */; };
		BF2BD6977779AC88E600D271 /* PreparedWatchCommand.swift in Sources */ = {isa = PBXBuildFile; fileRef = F53F8478B3089817AE2FFFA1 /* PreparedWatchCommand.swift */; };
		BFFC9B5E14DA29A679963137 /* ProjectCard.swift in Sources */ = {isa = PBXBuildFile; fileRef = C05B67645287474EA73C4DDF /* ProjectCard.swift */; };
		C23217D410DEE408306EE59D /* CounterSelectorGrid.swift in Sources */ = {isa = PBXBuildFile; fileRef = 33CC8EDBF09E3F7D7F73440B /* CounterSelectorGrid.swift */; };
		C3E90DEDFB9803CEBE02190B /* ProjectJournalEntry.swift in Sources */ = {isa = PBXBuildFile; fileRef = E20855F4064BBED2846643DC /* ProjectJournalEntry.swift */; };
		C42138FBF27EB5F5C43060FA /* WatercolorThemePolicy.swift in Sources */ = {isa = PBXBuildFile; fileRef = 46BC18F10B8F996B71604BBF /* WatercolorThemePolicy.swift */; };
		C45C69DFC567B4F3A2041002 /* KnitNoteBackupManifest.swift in Sources */ = {isa = PBXBuildFile; fileRef = 4C2B7038D08F6C6E76229D7F /* KnitNoteBackupManifest.swift */; };
		C7B6A7212DC2E3E04B871AAC /* KnittingCalculatorsView.swift in Sources */ = {isa = PBXBuildFile; fileRef = 1022CE4FDB36687BDEC9BFDD /* KnittingCalculatorsView.swift */; };
		C816A92D53BDA5A3586F7216 /* WatchSyncCache.swift in Sources */ = {isa = PBXBuildFile; fileRef = C27CD7D290EB0C1B3F7A706C /* WatchSyncCache.swift */; };
		C825CFFB032FD78332EFF6E9 /* LanguageSettings.swift in Sources */ = {isa = PBXBuildFile; fileRef = 94A3A973C57BA3A256E78283 /* LanguageSettings.swift */; };
		CA6698DA0F29B9ABFEBCA6E9 /* AppLanguage.swift in Sources */ = {isa = PBXBuildFile; fileRef = 3CD5B158A45CBD8018FC499A /* AppLanguage.swift */; };
		CE0C9AB59E4E7FB73A73A1C1 /* PatternMarkupFileService.swift in Sources */ = {isa = PBXBuildFile; fileRef = 6047A37140A375666423E1A2 /* PatternMarkupFileService.swift */; };
		CE312200163E82C3B64BC745 /* RowIntervalAdjustmentView.swift in Sources */ = {isa = PBXBuildFile; fileRef = 6A809FA0EA2975C2A10383B6 /* RowIntervalAdjustmentView.swift */; };
		CF7719013B31CD9396441639 /* WatchSnapshotBuilder.swift in Sources */ = {isa = PBXBuildFile; fileRef = AB074C1B50EF23336130AF93 /* WatchSnapshotBuilder.swift */; };
		D07094398C60EA09111D098E /* LaunchExperienceCoordinator.swift in Sources */ = {isa = PBXBuildFile; fileRef = F3AAE108F03B9699F488B637 /* LaunchExperienceCoordinator.swift */; };
		D1DE59CB01C60B48B3511FAA /* YarnInventoryText.swift in Sources */ = {isa = PBXBuildFile; fileRef = 317AA99C4071F5F032A42C9E /* YarnInventoryText.swift */; };
		D56C0BDFF30C510581164CC1 /* InfoPlist.xcstrings in Resources */ = {isa = PBXBuildFile; fileRef = C91BF954284C661B187FF8FB /* InfoPlist.xcstrings */; platformFilters = (ios, ); };
		D8C39A1514196D426E41EA7E /* ProjectDetailView.swift in Sources */ = {isa = PBXBuildFile; fileRef = 07AC936135E44C341839B236 /* ProjectDetailView.swift */; };
		D9AF7E5D37109091A4968B09 /* GaugeCalculator.swift in Sources */ = {isa = PBXBuildFile; fileRef = D157077494138E6450BAC49F /* GaugeCalculator.swift */; };
		D9D96422EAA83DBC4E03A060 /* PaintingOverlayRegion.swift in Sources */ = {isa = PBXBuildFile; fileRef = DE93168C75522B21CB0CB7DF /* PaintingOverlayRegion.swift */; };
		DA95835CF1FE8ED5122062AF /* ProjectPatternsView.swift in Sources */ = {isa = PBXBuildFile; fileRef = 459BBDD907A817A4DDFFFF2F /* ProjectPatternsView.swift */; };
		DBF2E2B7BD535C9C8AF1E53C /* LanguageSettings.swift in Sources */ = {isa = PBXBuildFile; fileRef = 94A3A973C57BA3A256E78283 /* LanguageSettings.swift */; };
		DC39760B7C07407210A12CF0 /* FamilyLaunchTimeline.swift in Sources */ = {isa = PBXBuildFile; fileRef = 09798330821D1F0BF4BA803D /* FamilyLaunchTimeline.swift */; };
		DD4C8D98E06279AA69DCDB1E /* PatternFileService.swift in Sources */ = {isa = PBXBuildFile; fileRef = 68CED6A558B7B52DF3926BC8 /* PatternFileService.swift */; };
		E027E8ADB3D1D51F88D2E861 /* WatchSnapshotBuilder.swift in Sources */ = {isa = PBXBuildFile; fileRef = AB074C1B50EF23336130AF93 /* WatchSnapshotBuilder.swift */; };
		E670667E131CAEC693AFEE22 /* AllNotesView.swift in Sources */ = {isa = PBXBuildFile; fileRef = 7E61240F580ED0B2AE45DAB8 /* AllNotesView.swift */; };
		E6C3B2816744B19C77DE0ACD /* PatternDocument.swift in Sources */ = {isa = PBXBuildFile; fileRef = 99C1BBB226BBB92B3E8BA778 /* PatternDocument.swift */; };
		E77F0B8B83D0C5B49F48117B /* Assets.xcassets in Resources */ = {isa = PBXBuildFile; fileRef = A05992C5E9E4384B11D3C46A /* Assets.xcassets */; };
		E7B3D88A524E639567C68181 /* EditRowNoteView.swift in Sources */ = {isa = PBXBuildFile; fileRef = 3620C73CD8D7A61B1C59473E /* EditRowNoteView.swift */; };
		E857AC39E1C3EAB1D2C0735A /* KnitNoteApp.swift in Sources */ = {isa = PBXBuildFile; fileRef = A26BFE850787E49A2CD9E010 /* KnitNoteApp.swift */; };
		E88D1831ACE8064F70B3844B /* ProjectJournalAsyncPublicationGate.swift in Sources */ = {isa = PBXBuildFile; fileRef = 3803B909BB62BCCF84FC5BF2 /* ProjectJournalAsyncPublicationGate.swift */; };
		EA6EC18E3BA8C13E7F88D518 /* CameraCaptureView.swift in Sources */ = {isa = PBXBuildFile; fileRef = 3FA6A7C93C52B67714FFB5F1 /* CameraCaptureView.swift */; };
		F16BCF526385BF9617E0E3D3 /* EvenStitchAdjustmentInputParser.swift in Sources */ = {isa = PBXBuildFile; fileRef = 8F9C16AA729B6B8BE6255F13 /* EvenStitchAdjustmentInputParser.swift */; };
		F1B095AA2C48AE41AB759F1C /* ProjectJournalPreviewLoader.swift in Sources */ = {isa = PBXBuildFile; fileRef = 87122E654FD5FC76F4013B48 /* ProjectJournalPreviewLoader.swift */; };
		F32AA568D0C99E08D9C6AF82 /* PatternReaderControls.swift in Sources */ = {isa = PBXBuildFile; fileRef = 90CE1C0101996F572112D739 /* PatternReaderControls.swift */; };
		F38DAE6BC826FFFF57137DEF /* EditPatternPageNoteView.swift in Sources */ = {isa = PBXBuildFile; fileRef = 84E7B7CDFA68E43404E56773 /* EditPatternPageNoteView.swift */; };
		F7BFE7FD7E58B7487B0D7018 /* PatternMarkupFileService.swift in Sources */ = {isa = PBXBuildFile; fileRef = 6047A37140A375666423E1A2 /* PatternMarkupFileService.swift */; };
		F88B0DA6E2D5A7B55286CC20 /* WatchSyncModels.swift in Sources */ = {isa = PBXBuildFile; fileRef = 3B4C9A44F8AF4A5A552A63AC /* WatchSyncModels.swift */; };
		F88E0C44F56AF747CE0AA935 /* YarnPhotoPicker.swift in Sources */ = {isa = PBXBuildFile; fileRef = 6F0D9377602621B5C978D56F /* YarnPhotoPicker.swift */; };
		FDD10510A53A1E0DE226355B /* PatternMarkup.swift in Sources */ = {isa = PBXBuildFile; fileRef = 4451F3892CAC312B00F3AC04 /* PatternMarkup.swift */; };
		FE26C3A4479579A031F1D330 /* KnitNoteBackupExportPackage.swift in Sources */ = {isa = PBXBuildFile; fileRef = 2165C90407328B78E825881B /* KnitNoteBackupExportPackage.swift */; };
		FEA79EA51C57895443D3B574 /* KnitNoteBackupDocument.swift in Sources */ = {isa = PBXBuildFile; fileRef = E9F9AB70EA6020F2BECF5EFD /* KnitNoteBackupDocument.swift */; };
		FF37BEFDE0C26708962E792F /* WatchConnectivityEnvelope.swift in Sources */ = {isa = PBXBuildFile; fileRef = 926C002CC977A56CD9D4B192 /* WatchConnectivityEnvelope.swift */; };
/* End PBXBuildFile section */

/* Begin PBXFileReference section */
		02A9FBF7FCB06E26E6EA71D3 /* YarnPhotoFileService.swift */ = {isa = PBXFileReference; lastKnownFileType = sourcecode.swift; path = YarnPhotoFileService.swift; sourceTree = "<group>"; };
		07AC936135E44C341839B236 /* ProjectDetailView.swift */ = {isa = PBXFileReference; lastKnownFileType = sourcecode.swift; path = ProjectDetailView.swift; sourceTree = "<group>"; };
		09798330821D1F0BF4BA803D /* FamilyLaunchTimeline.swift */ = {isa = PBXFileReference; lastKnownFileType = sourcecode.swift; path = FamilyLaunchTimeline.swift; sourceTree = "<group>"; };
		1022CE4FDB36687BDEC9BFDD /* KnittingCalculatorsView.swift */ = {isa = PBXFileReference; lastKnownFileType = sourcecode.swift; path = KnittingCalculatorsView.swift; sourceTree = "<group>"; };
		1112E674E478840A2286F6BA /* KnitNoteWatch.app */ = {isa = PBXFileReference; explicitFileType = wrapper.application; includeInIndex = 0; path = KnitNoteWatch.app; sourceTree = BUILT_PRODUCTS_DIR; };
		121DC898B51C86C11B40705C /* KnitNoteCore.swift */ = {isa = PBXFileReference; lastKnownFileType = sourcecode.swift; path = KnitNoteCore.swift; sourceTree = "<group>"; };
		12EC830D0E81ACA58737B2E3 /* YarnLibraryView.swift */ = {isa = PBXFileReference; lastKnownFileType = sourcecode.swift; path = YarnLibraryView.swift; sourceTree = "<group>"; };
		14B46C9D90D2250C063CBEB9 /* KnitNote.app */ = {isa = PBXFileReference; includeInIndex = 0; lastKnownFileType = wrapper.application; path = KnitNote.app; sourceTree = BUILT_PRODUCTS_DIR; };
		1587DA4ECD08A93EFE0BB89A /* WatercolorSurfaces.swift */ = {isa = PBXFileReference; lastKnownFileType = sourcecode.swift; path = WatercolorSurfaces.swift; sourceTree = "<group>"; };
		1B40E2A43FA18A0C33DE7E42 /* KnittingProject.swift */ = {isa = PBXFileReference; lastKnownFileType = sourcecode.swift; path = KnittingProject.swift; sourceTree = "<group>"; };
		1D2B00C1065A2E66F17AE4CC /* WatchSession.swift */ = {isa = PBXFileReference; lastKnownFileType = sourcecode.swift; path = WatchSession.swift; sourceTree = "<group>"; };
		1DB0EBE0E4F768F0A8C15CC6 /* ChoosePatternProjectView.swift */ = {isa = PBXFileReference; lastKnownFileType = sourcecode.swift; path = ChoosePatternProjectView.swift; sourceTree = "<group>"; };
		2165C90407328B78E825881B /* KnitNoteBackupExportPackage.swift */ = {isa = PBXFileReference; lastKnownFileType = sourcecode.swift; path = KnitNoteBackupExportPackage.swift; sourceTree = "<group>"; };
		27833C8F0AB80A6C0C8F223F /* PatternLibraryView.swift */ = {isa = PBXFileReference; lastKnownFileType = sourcecode.swift; path = PatternLibraryView.swift; sourceTree = "<group>"; };
		282D4248758A8480ED49B7C0 /* LemonEmptyState.swift */ = {isa = PBXFileReference; lastKnownFileType = sourcecode.swift; path = LemonEmptyState.swift; sourceTree = "<group>"; };
		2A4E4878CC053C86851B7DDD /* .keep */ = {isa = PBXFileReference; path = .keep; sourceTree = "<group>"; };
		2B159464A91F0F008CBAD167 /* EditProjectView.swift */ = {isa = PBXFileReference; lastKnownFileType = sourcecode.swift; path = EditProjectView.swift; sourceTree = "<group>"; };
		2BBADB1223BF69225A1DF48C /* ProjectJournalSection.swift */ = {isa = PBXFileReference; lastKnownFileType = sourcecode.swift; path = ProjectJournalSection.swift; sourceTree = "<group>"; };
		2C7908B2ED4E0DCD00EBF868 /* StoredProject.swift */ = {isa = PBXFileReference; lastKnownFileType = sourcecode.swift; path = StoredProject.swift; sourceTree = "<group>"; };
		2CBD75BD00755D59F3C8AF82 /* PatternMarkupToolbar.swift */ = {isa = PBXFileReference; lastKnownFileType = sourcecode.swift; path = PatternMarkupToolbar.swift; sourceTree = "<group>"; };
		2CCBF6B48289E8AE66DF4A39 /* StoredYarn.swift */ = {isa = PBXFileReference; lastKnownFileType = sourcecode.swift; path = StoredYarn.swift; sourceTree = "<group>"; };
		2D483F31D056F9F52B2EC563 /* ProjectsView.swift */ = {isa = PBXFileReference; lastKnownFileType = sourcecode.swift; path = ProjectsView.swift; sourceTree = "<group>"; };
		2EBC48066EDE949B29B5F081 /* WatercolorTheme.swift */ = {isa = PBXFileReference; lastKnownFileType = sourcecode.swift; path = WatercolorTheme.swift; sourceTree = "<group>"; };
		30A176FC8CBA054D9D2179E6 /* ProjectCounterName.swift */ = {isa = PBXFileReference; lastKnownFileType = sourcecode.swift; path = ProjectCounterName.swift; sourceTree = "<group>"; };
		317AA99C4071F5F032A42C9E /* YarnInventoryText.swift */ = {isa = PBXFileReference; lastKnownFileType = sourcecode.swift; path = YarnInventoryText.swift; sourceTree = "<group>"; };
		33CC8EDBF09E3F7D7F73440B /* CounterSelectorGrid.swift */ = {isa = PBXFileReference; lastKnownFileType = sourcecode.swift; path = CounterSelectorGrid.swift; sourceTree = "<group>"; };
		3620C73CD8D7A61B1C59473E /* EditRowNoteView.swift */ = {isa = PBXFileReference; lastKnownFileType = sourcecode.swift; path = EditRowNoteView.swift; sourceTree = "<group>"; };
		373195B93B12AF80760B1A6D /* ProcessedWatchCommandLedger.swift */ = {isa = PBXFileReference; lastKnownFileType = sourcecode.swift; path = ProcessedWatchCommandLedger.swift; sourceTree = "<group>"; };
		3803B909BB62BCCF84FC5BF2 /* ProjectJournalAsyncPublicationGate.swift */ = {isa = PBXFileReference; lastKnownFileType = sourcecode.swift; path = ProjectJournalAsyncPublicationGate.swift; sourceTree = "<group>"; };
		3A8BA0F1D4ABF2AA7472AEE6 /* Assets.xcassets */ = {isa = PBXFileReference; lastKnownFileType = folder.assetcatalog; path = Assets.xcassets; sourceTree = "<group>"; };
		3B4C9A44F8AF4A5A552A63AC /* WatchSyncModels.swift */ = {isa = PBXFileReference; lastKnownFileType = sourcecode.swift; path = WatchSyncModels.swift; sourceTree = "<group>"; };
		3C1FE7F6E3926F76E8684A55 /* SettingsView.swift */ = {isa = PBXFileReference; lastKnownFileType = sourcecode.swift; path = SettingsView.swift; sourceTree = "<group>"; };
		3C207C026A98D9C668822C9A /* PatternReaderView.swift */ = {isa = PBXFileReference; lastKnownFileType = sourcecode.swift; path = PatternReaderView.swift; sourceTree = "<group>"; };
		3CD5B158A45CBD8018FC499A /* AppLanguage.swift */ = {isa = PBXFileReference; lastKnownFileType = sourcecode.swift; path = AppLanguage.swift; sourceTree = "<group>"; };
		3FA6A7C93C52B67714FFB5F1 /* CameraCaptureView.swift */ = {isa = PBXFileReference; lastKnownFileType = sourcecode.swift; path = CameraCaptureView.swift; sourceTree = "<group>"; };
		431158CF5C9EC212EABD87BA /* RootView.swift */ = {isa = PBXFileReference; lastKnownFileType = sourcecode.swift; path = RootView.swift; sourceTree = "<group>"; };
		4451F3892CAC312B00F3AC04 /* PatternMarkup.swift */ = {isa = PBXFileReference; lastKnownFileType = sourcecode.swift; path = PatternMarkup.swift; sourceTree = "<group>"; };
		44B50375391FAE4E84A86BCF /* AtomicWatchSyncFile.swift */ = {isa = PBXFileReference; lastKnownFileType = sourcecode.swift; path = AtomicWatchSyncFile.swift; sourceTree = "<group>"; };
		451B0A168DC2F848CEE98A74 /* YarnDetailView.swift */ = {isa = PBXFileReference; lastKnownFileType = sourcecode.swift; path = YarnDetailView.swift; sourceTree = "<group>"; };
		459BBDD907A817A4DDFFFF2F /* ProjectPatternsView.swift */ = {isa = PBXFileReference; lastKnownFileType = sourcecode.swift; path = ProjectPatternsView.swift; sourceTree = "<group>"; };
		45DB5696F3AAF1210D0E30D8 /* ImageReaderView.swift */ = {isa = PBXFileReference; lastKnownFileType = sourcecode.swift; path = ImageReaderView.swift; sourceTree = "<group>"; };
		46BC18F10B8F996B71604BBF /* WatercolorThemePolicy.swift */ = {isa = PBXFileReference; lastKnownFileType = sourcecode.swift; path = WatercolorThemePolicy.swift; sourceTree = "<group>"; };
		4C2B7038D08F6C6E76229D7F /* KnitNoteBackupManifest.swift */ = {isa = PBXFileReference; lastKnownFileType = sourcecode.swift; path = KnitNoteBackupManifest.swift; sourceTree = "<group>"; };
		4F090AE80DF42E6A406946AB /* CameraCapturePhotoEncoder.swift */ = {isa = PBXFileReference; lastKnownFileType = sourcecode.swift; path = CameraCapturePhotoEncoder.swift; sourceTree = "<group>"; };
		557A2AAE55C6DA1A6C527FE6 /* ProjectPhotoFileService.swift */ = {isa = PBXFileReference; lastKnownFileType = sourcecode.swift; path = ProjectPhotoFileService.swift; sourceTree = "<group>"; };
		599E557622BDBD257E4CFEF3 /* Localizable.xcstrings */ = {isa = PBXFileReference; lastKnownFileType = text.json.xcstrings; path = Localizable.xcstrings; sourceTree = "<group>"; };
		5BB622204D2EC5632CCEE094 /* EditProjectJournalEntryView.swift */ = {isa = PBXFileReference; lastKnownFileType = sourcecode.swift; path = EditProjectJournalEntryView.swift; sourceTree = "<group>"; };
		5D0CCE222E5B3D6656AA2345 /* Info.plist */ = {isa = PBXFileReference; lastKnownFileType = text.plist; path = Info.plist; sourceTree = "<group>"; };
		5F825D878BD495CBF8CFA3E4 /* JSONProjectStore.swift */ = {isa = PBXFileReference; lastKnownFileType = sourcecode.swift; path = JSONProjectStore.swift; sourceTree = "<group>"; };
		600A5A211EF6682DED675574 /* EditCounterNameView.swift */ = {isa = PBXFileReference; lastKnownFileType = sourcecode.swift; path = EditCounterNameView.swift; sourceTree = "<group>"; };
		6047A37140A375666423E1A2 /* PatternMarkupFileService.swift */ = {isa = PBXFileReference; lastKnownFileType = sourcecode.swift; path = PatternMarkupFileService.swift; sourceTree = "<group>"; };
		68CED6A558B7B52DF3926BC8 /* PatternFileService.swift */ = {isa = PBXFileReference; lastKnownFileType = sourcecode.swift; path = PatternFileService.swift; sourceTree = "<group>"; };
		6A809FA0EA2975C2A10383B6 /* RowIntervalAdjustmentView.swift */ = {isa = PBXFileReference; lastKnownFileType = sourcecode.swift; path = RowIntervalAdjustmentView.swift; sourceTree = "<group>"; };
		6BD9BA7AF9DB8355EC7EDC7F /* KnitNoteBackupService.swift */ = {isa = PBXFileReference; lastKnownFileType = sourcecode.swift; path = KnitNoteBackupService.swift; sourceTree = "<group>"; };
		6DFEF29B5AF1EF4FB1D1A18C /* RowIntervalAdjustmentCalculator.swift */ = {isa = PBXFileReference; lastKnownFileType = sourcecode.swift; path = RowIntervalAdjustmentCalculator.swift; sourceTree = "<group>"; };
		6F0D9377602621B5C978D56F /* YarnPhotoPicker.swift */ = {isa = PBXFileReference; lastKnownFileType = sourcecode.swift; path = YarnPhotoPicker.swift; sourceTree = "<group>"; };
		70A7154999ACF3839D188F1E /* PatternMarkupOverlay.swift */ = {isa = PBXFileReference; lastKnownFileType = sourcecode.swift; path = PatternMarkupOverlay.swift; sourceTree = "<group>"; };
		70FD986F2D3E4C84860398EB /* ProjectPhotoView.swift */ = {isa = PBXFileReference; lastKnownFileType = sourcecode.swift; path = ProjectPhotoView.swift; sourceTree = "<group>"; };
		72200A671E5D5C5B6A0E39D2 /* YarnPhotoView.swift */ = {isa = PBXFileReference; lastKnownFileType = sourcecode.swift; path = YarnPhotoView.swift; sourceTree = "<group>"; };
		75B5CAC03492CA7EF2B29BDC /* CreateProjectView.swift */ = {isa = PBXFileReference; lastKnownFileType = sourcecode.swift; path = CreateProjectView.swift; sourceTree = "<group>"; };
		7A48FCA1639875053B46568C /* ProjectJournalPhotoFileService.swift */ = {isa = PBXFileReference; lastKnownFileType = sourcecode.swift; path = ProjectJournalPhotoFileService.swift; sourceTree = "<group>"; };
		7E61240F580ED0B2AE45DAB8 /* AllNotesView.swift */ = {isa = PBXFileReference; lastKnownFileType = sourcecode.swift; path = AllNotesView.swift; sourceTree = "<group>"; };
		7ED53386A158E8DF747E954D /* GaugeCalculatorView.swift */ = {isa = PBXFileReference; lastKnownFileType = sourcecode.swift; path = GaugeCalculatorView.swift; sourceTree = "<group>"; };
		80C22BEC6684E36544AD8B83 /* ProjectPhotoPicker.swift */ = {isa = PBXFileReference; lastKnownFileType = sourcecode.swift; path = ProjectPhotoPicker.swift; sourceTree = "<group>"; };
		84E7B7CDFA68E43404E56773 /* EditPatternPageNoteView.swift */ = {isa = PBXFileReference; lastKnownFileType = sourcecode.swift; path = EditPatternPageNoteView.swift; sourceTree = "<group>"; };
		87122E654FD5FC76F4013B48 /* ProjectJournalPreviewLoader.swift */ = {isa = PBXFileReference; lastKnownFileType = sourcecode.swift; path = ProjectJournalPreviewLoader.swift; sourceTree = "<group>"; };
		87964CF329F1030E0BD835C3 /* BackupSettingsSection.swift */ = {isa = PBXFileReference; lastKnownFileType = sourcecode.swift; path = BackupSettingsSection.swift; sourceTree = "<group>"; };
		87F8A59940BD2F1CA4BFD2E3 /* EvenStitchAdjustmentCalculatorView.swift */ = {isa = PBXFileReference; lastKnownFileType = sourcecode.swift; path = EvenStitchAdjustmentCalculatorView.swift; sourceTree = "<group>"; };
		8CEC6756D753A4BB41008CF0 /* PhoneWatchSession.swift */ = {isa = PBXFileReference; lastKnownFileType = sourcecode.swift; path = PhoneWatchSession.swift; sourceTree = "<group>"; };
		8F9C16AA729B6B8BE6255F13 /* EvenStitchAdjustmentInputParser.swift */ = {isa = PBXFileReference; lastKnownFileType = sourcecode.swift; path = EvenStitchAdjustmentInputParser.swift; sourceTree = "<group>"; };
		90CE1C0101996F572112D739 /* PatternReaderControls.swift */ = {isa = PBXFileReference; lastKnownFileType = sourcecode.swift; path = PatternReaderControls.swift; sourceTree = "<group>"; };
		926C002CC977A56CD9D4B192 /* WatchConnectivityEnvelope.swift */ = {isa = PBXFileReference; lastKnownFileType = sourcecode.swift; path = WatchConnectivityEnvelope.swift; sourceTree = "<group>"; };
		94A3A973C57BA3A256E78283 /* LanguageSettings.swift */ = {isa = PBXFileReference; lastKnownFileType = sourcecode.swift; path = LanguageSettings.swift; sourceTree = "<group>"; };
		9601A8677B4A82779D2F7E59 /* HighlightOverlay.swift */ = {isa = PBXFileReference; lastKnownFileType = sourcecode.swift; path = HighlightOverlay.swift; sourceTree = "<group>"; };
		964E64558882BD0AE262A9E5 /* LaunchExperienceState.swift */ = {isa = PBXFileReference; lastKnownFileType = sourcecode.swift; path = LaunchExperienceState.swift; sourceTree = "<group>"; };
		96E071B2A89B3F9BEB0EEED2 /* FamilyHeroFramePreferenceKey.swift */ = {isa = PBXFileReference; lastKnownFileType = sourcecode.swift; path = FamilyHeroFramePreferenceKey.swift; sourceTree = "<group>"; };
		99C1BBB226BBB92B3E8BA778 /* PatternDocument.swift */ = {isa = PBXFileReference; lastKnownFileType = sourcecode.swift; path = PatternDocument.swift; sourceTree = "<group>"; };
		9A51559E4B7599CA640466E3 /* ProjectCounter.swift */ = {isa = PBXFileReference; lastKnownFileType = sourcecode.swift; path = ProjectCounter.swift; sourceTree = "<group>"; };
		9CF42C26BEFE47601ED68433 /* YarnCard.swift */ = {isa = PBXFileReference; lastKnownFileType = sourcecode.swift; path = YarnCard.swift; sourceTree = "<group>"; };
		9FD7EFB82C9BFC4FF9F2EE78 /* ProjectJournalEntryDetailView.swift */ = {isa = PBXFileReference; lastKnownFileType = sourcecode.swift; path = ProjectJournalEntryDetailView.swift; sourceTree = "<group>"; };
		A05992C5E9E4384B11D3C46A /* Assets.xcassets */ = {isa = PBXFileReference; lastKnownFileType = folder.assetcatalog; path = Assets.xcassets; sourceTree = "<group>"; };
		A1693882FFD9DFAA6DE672BF /* YarnEditorFields.swift */ = {isa = PBXFileReference; lastKnownFileType = sourcecode.swift; path = YarnEditorFields.swift; sourceTree = "<group>"; };
		A26BFE850787E49A2CD9E010 /* KnitNoteApp.swift */ = {isa = PBXFileReference; lastKnownFileType = sourcecode.swift; path = KnitNoteApp.swift; sourceTree = "<group>"; };
		AB074C1B50EF23336130AF93 /* WatchSnapshotBuilder.swift */ = {isa = PBXFileReference; lastKnownFileType = sourcecode.swift; path = WatchSnapshotBuilder.swift; sourceTree = "<group>"; };
		AEECBF6C9CBE6C2B01EAB680 /* CreateYarnView.swift */ = {isa = PBXFileReference; lastKnownFileType = sourcecode.swift; path = CreateYarnView.swift; sourceTree = "<group>"; };
		B4CD7459BFFD6F5954AE7FDE /* PhoneWatchSyncCoordinator.swift */ = {isa = PBXFileReference; lastKnownFileType = sourcecode.swift; path = PhoneWatchSyncCoordinator.swift; sourceTree = "<group>"; };
		BA850E172D868553998BB9D7 /* FamilyLaunchAnimationView.swift */ = {isa = PBXFileReference; lastKnownFileType = sourcecode.swift; path = FamilyLaunchAnimationView.swift; sourceTree = "<group>"; };
		BDACACFA5A882F4B425E44A4 /* EditYarnView.swift */ = {isa = PBXFileReference; lastKnownFileType = sourcecode.swift; path = EditYarnView.swift; sourceTree = "<group>"; };
		C05B67645287474EA73C4DDF /* ProjectCard.swift */ = {isa = PBXFileReference; lastKnownFileType = sourcecode.swift; path = ProjectCard.swift; sourceTree = "<group>"; };
		C05CDA77F3B1408AFFF947CE /* KnitNoteWatchApp.swift */ = {isa = PBXFileReference; lastKnownFileType = sourcecode.swift; path = KnitNoteWatchApp.swift; sourceTree = "<group>"; };
		C27CD7D290EB0C1B3F7A706C /* WatchSyncCache.swift */ = {isa = PBXFileReference; lastKnownFileType = sourcecode.swift; path = WatchSyncCache.swift; sourceTree = "<group>"; };
		C65533430112873329E49422 /* WatchCounterView.swift */ = {isa = PBXFileReference; lastKnownFileType = sourcecode.swift; path = WatchCounterView.swift; sourceTree = "<group>"; };
		C91BF954284C661B187FF8FB /* InfoPlist.xcstrings */ = {isa = PBXFileReference; lastKnownFileType = text.json.xcstrings; path = InfoPlist.xcstrings; sourceTree = "<group>"; };
		D157077494138E6450BAC49F /* GaugeCalculator.swift */ = {isa = PBXFileReference; lastKnownFileType = sourcecode.swift; path = GaugeCalculator.swift; sourceTree = "<group>"; };
		DE93168C75522B21CB0CB7DF /* PaintingOverlayRegion.swift */ = {isa = PBXFileReference; lastKnownFileType = sourcecode.swift; path = PaintingOverlayRegion.swift; sourceTree = "<group>"; };
		E20855F4064BBED2846643DC /* ProjectJournalEntry.swift */ = {isa = PBXFileReference; lastKnownFileType = sourcecode.swift; path = ProjectJournalEntry.swift; sourceTree = "<group>"; };
		E993310F5466BA6DAE24B6C7 /* Localizable.xcstrings */ = {isa = PBXFileReference; lastKnownFileType = text.json.xcstrings; path = Localizable.xcstrings; sourceTree = "<group>"; };
		E9F9AB70EA6020F2BECF5EFD /* KnitNoteBackupDocument.swift */ = {isa = PBXFileReference; lastKnownFileType = sourcecode.swift; path = KnitNoteBackupDocument.swift; sourceTree = "<group>"; };
		EFC0A9F78A3AB007A97ADE58 /* EvenStitchAdjustmentCalculator.swift */ = {isa = PBXFileReference; lastKnownFileType = sourcecode.swift; path = EvenStitchAdjustmentCalculator.swift; sourceTree = "<group>"; };
		F06831CA9B742E9BB9A212DB /* JournalPhotoPicker.swift */ = {isa = PBXFileReference; lastKnownFileType = sourcecode.swift; path = JournalPhotoPicker.swift; sourceTree = "<group>"; };
		F1636706F0E1A52CEA341F56 /* ChooseYarnProjectsView.swift */ = {isa = PBXFileReference; lastKnownFileType = sourcecode.swift; path = ChooseYarnProjectsView.swift; sourceTree = "<group>"; };
		F3AAE108F03B9699F488B637 /* LaunchExperienceCoordinator.swift */ = {isa = PBXFileReference; lastKnownFileType = sourcecode.swift; path = LaunchExperienceCoordinator.swift; sourceTree = "<group>"; };
		F53F8478B3089817AE2FFFA1 /* PreparedWatchCommand.swift */ = {isa = PBXFileReference; lastKnownFileType = sourcecode.swift; path = PreparedWatchCommand.swift; sourceTree = "<group>"; };
		F5F160074737C554D783176A /* LaunchScreen.storyboard */ = {isa = PBXFileReference; lastKnownFileType = file.storyboard; path = LaunchScreen.storyboard; sourceTree = "<group>"; };
		F908526E23B7BB45759E5DB7 /* PDFReaderView.swift */ = {isa = PBXFileReference; lastKnownFileType = sourcecode.swift; path = PDFReaderView.swift; sourceTree = "<group>"; };
		FE75A4BC6F25D9138B684ADF /* RowNote.swift */ = {isa = PBXFileReference; lastKnownFileType = sourcecode.swift; path = RowNote.swift; sourceTree = "<group>"; };
/* End PBXFileReference section */

/* Begin PBXGroup section */
		00FA7869BBC2022A1F3126E0 /* Patterns */ = {
			isa = PBXGroup;
			children = (
				1DB0EBE0E4F768F0A8C15CC6 /* ChoosePatternProjectView.swift */,
				84E7B7CDFA68E43404E56773 /* EditPatternPageNoteView.swift */,
				9601A8677B4A82779D2F7E59 /* HighlightOverlay.swift */,
				45DB5696F3AAF1210D0E30D8 /* ImageReaderView.swift */,
				27833C8F0AB80A6C0C8F223F /* PatternLibraryView.swift */,
				70A7154999ACF3839D188F1E /* PatternMarkupOverlay.swift */,
				2CBD75BD00755D59F3C8AF82 /* PatternMarkupToolbar.swift */,
				90CE1C0101996F572112D739 /* PatternReaderControls.swift */,
				3C207C026A98D9C668822C9A /* PatternReaderView.swift */,
				F908526E23B7BB45759E5DB7 /* PDFReaderView.swift */,
				459BBDD907A817A4DDFFFF2F /* ProjectPatternsView.swift */,
			);
			path = Patterns;
			sourceTree = "<group>";
		};
		05636426C59DEAB3CEAD6A80 /* Localization */ = {
			isa = PBXGroup;
			children = (
				3CD5B158A45CBD8018FC499A /* AppLanguage.swift */,
				94A3A973C57BA3A256E78283 /* LanguageSettings.swift */,
			);
			path = Localization;
			sourceTree = "<group>";
		};
		0ADFE4B616722EE6405BBCB7 /* KnitNoteCore */ = {
			isa = PBXGroup;
			children = (
				121DC898B51C86C11B40705C /* KnitNoteCore.swift */,
				96EA599FAEBF5EAECB21EC72 /* Backup */,
				FC1D51A444F323A1A8388B2D /* Calculators */,
				179F52A90796543AF192B87A /* Launch */,
				05636426C59DEAB3CEAD6A80 /* Localization */,
				8D4DBBB5F086B5F2BE0A2692 /* Patterns */,
				ADC03985307A33CF231A2728 /* Projects */,
				8BD3900E36112649B3129656 /* Resources */,
				D2A26E1A33BD10C640FB127A /* Theme */,
				983AAB3F985F3C365954FED5 /* WatchSync */,
				1DE36FE3821C2C812015C7B9 /* Yarn */,
			);
			name = KnitNoteCore;
			path = Sources/KnitNoteCore;
			sourceTree = "<group>";
		};
		179F52A90796543AF192B87A /* Launch */ = {
			isa = PBXGroup;
			children = (
				09798330821D1F0BF4BA803D /* FamilyLaunchTimeline.swift */,
				F3AAE108F03B9699F488B637 /* LaunchExperienceCoordinator.swift */,
				964E64558882BD0AE262A9E5 /* LaunchExperienceState.swift */,
			);
			path = Launch;
			sourceTree = "<group>";
		};
		1B10CD60C11ED3A2073BCA1F /* Yarn */ = {
			isa = PBXGroup;
			children = (
				F1636706F0E1A52CEA341F56 /* ChooseYarnProjectsView.swift */,
				AEECBF6C9CBE6C2B01EAB680 /* CreateYarnView.swift */,
				BDACACFA5A882F4B425E44A4 /* EditYarnView.swift */,
				9CF42C26BEFE47601ED68433 /* YarnCard.swift */,
				451B0A168DC2F848CEE98A74 /* YarnDetailView.swift */,
				A1693882FFD9DFAA6DE672BF /* YarnEditorFields.swift */,
				317AA99C4071F5F032A42C9E /* YarnInventoryText.swift */,
				12EC830D0E81ACA58737B2E3 /* YarnLibraryView.swift */,
				6F0D9377602621B5C978D56F /* YarnPhotoPicker.swift */,
				72200A671E5D5C5B6A0E39D2 /* YarnPhotoView.swift */,
			);
			path = Yarn;
			sourceTree = "<group>";
		};
		1DE36FE3821C2C812015C7B9 /* Yarn */ = {
			isa = PBXGroup;
			children = (
				2CCBF6B48289E8AE66DF4A39 /* StoredYarn.swift */,
				02A9FBF7FCB06E26E6EA71D3 /* YarnPhotoFileService.swift */,
			);
			path = Yarn;
			sourceTree = "<group>";
		};
		367640414936CD240A016BEB /* Theme */ = {
			isa = PBXGroup;
			children = (
				282D4248758A8480ED49B7C0 /* LemonEmptyState.swift */,
				1587DA4ECD08A93EFE0BB89A /* WatercolorSurfaces.swift */,
				2EBC48066EDE949B29B5F081 /* WatercolorTheme.swift */,
			);
			path = Theme;
			sourceTree = "<group>";
		};
		3749410B591F9345227F4449 /* Localization */ = {
			isa = PBXGroup;
			children = (
				C91BF954284C661B187FF8FB /* InfoPlist.xcstrings */,
				E993310F5466BA6DAE24B6C7 /* Localizable.xcstrings */,
			);
			path = Localization;
			sourceTree = "<group>";
		};
		4D55FE9FD7B400E4A1009DF1 /* App */ = {
			isa = PBXGroup;
			children = (
				A26BFE850787E49A2CD9E010 /* KnitNoteApp.swift */,
				431158CF5C9EC212EABD87BA /* RootView.swift */,
			);
			path = App;
			sourceTree = "<group>";
		};
		65DC28AC37D32EA9468D7BDE /* Projects */ = {
			isa = PBXGroup;
			children = (
				7E61240F580ED0B2AE45DAB8 /* AllNotesView.swift */,
				3FA6A7C93C52B67714FFB5F1 /* CameraCaptureView.swift */,
				33CC8EDBF09E3F7D7F73440B /* CounterSelectorGrid.swift */,
				75B5CAC03492CA7EF2B29BDC /* CreateProjectView.swift */,
				600A5A211EF6682DED675574 /* EditCounterNameView.swift */,
				5BB622204D2EC5632CCEE094 /* EditProjectJournalEntryView.swift */,
				2B159464A91F0F008CBAD167 /* EditProjectView.swift */,
				3620C73CD8D7A61B1C59473E /* EditRowNoteView.swift */,
				F06831CA9B742E9BB9A212DB /* JournalPhotoPicker.swift */,
				C05B67645287474EA73C4DDF /* ProjectCard.swift */,
				30A176FC8CBA054D9D2179E6 /* ProjectCounterName.swift */,
				07AC936135E44C341839B236 /* ProjectDetailView.swift */,
				9FD7EFB82C9BFC4FF9F2EE78 /* ProjectJournalEntryDetailView.swift */,
				2BBADB1223BF69225A1DF48C /* ProjectJournalSection.swift */,
				80C22BEC6684E36544AD8B83 /* ProjectPhotoPicker.swift */,
				70FD986F2D3E4C84860398EB /* ProjectPhotoView.swift */,
				2D483F31D056F9F52B2EC563 /* ProjectsView.swift */,
			);
			path = Projects;
			sourceTree = "<group>";
		};
		74E746C56AB9D2B0682463AA /* Settings */ = {
			isa = PBXGroup;
			children = (
				87964CF329F1030E0BD835C3 /* BackupSettingsSection.swift */,
				E9F9AB70EA6020F2BECF5EFD /* KnitNoteBackupDocument.swift */,
				3C1FE7F6E3926F76E8684A55 /* SettingsView.swift */,
			);
			path = Settings;
			sourceTree = "<group>";
		};
		75215C9D724CD12DF1595F4E /* KnitNote */ = {
			isa = PBXGroup;
			children = (
				3A8BA0F1D4ABF2AA7472AEE6 /* Assets.xcassets */,
				5D0CCE222E5B3D6656AA2345 /* Info.plist */,
				F5F160074737C554D783176A /* LaunchScreen.storyboard */,
				4D55FE9FD7B400E4A1009DF1 /* App */,
				B5C29EE15A136556F7B91BBE /* Calculators */,
				9EE6E3997B8A05A231ECB4D4 /* Launch */,
				3749410B591F9345227F4449 /* Localization */,
				00FA7869BBC2022A1F3126E0 /* Patterns */,
				65DC28AC37D32EA9468D7BDE /* Projects */,
				74E746C56AB9D2B0682463AA /* Settings */,
				367640414936CD240A016BEB /* Theme */,
				A09EB0452F3808BC2553AB72 /* WatchSync */,
				1B10CD60C11ED3A2073BCA1F /* Yarn */,
			);
			path = KnitNote;
			sourceTree = "<group>";
		};
		8BD3900E36112649B3129656 /* Resources */ = {
			isa = PBXGroup;
			children = (
				2A4E4878CC053C86851B7DDD /* .keep */,
			);
			path = Resources;
			sourceTree = "<group>";
		};
		8D4DBBB5F086B5F2BE0A2692 /* Patterns */ = {
			isa = PBXGroup;
			children = (
				99C1BBB226BBB92B3E8BA778 /* PatternDocument.swift */,
				68CED6A558B7B52DF3926BC8 /* PatternFileService.swift */,
				4451F3892CAC312B00F3AC04 /* PatternMarkup.swift */,
				6047A37140A375666423E1A2 /* PatternMarkupFileService.swift */,
			);
			path = Patterns;
			sourceTree = "<group>";
		};
		96EA599FAEBF5EAECB21EC72 /* Backup */ = {
			isa = PBXGroup;
			children = (
				2165C90407328B78E825881B /* KnitNoteBackupExportPackage.swift */,
				4C2B7038D08F6C6E76229D7F /* KnitNoteBackupManifest.swift */,
				6BD9BA7AF9DB8355EC7EDC7F /* KnitNoteBackupService.swift */,
			);
			path = Backup;
			sourceTree = "<group>";
		};
		983AAB3F985F3C365954FED5 /* WatchSync */ = {
			isa = PBXGroup;
			children = (
				44B50375391FAE4E84A86BCF /* AtomicWatchSyncFile.swift */,
				F53F8478B3089817AE2FFFA1 /* PreparedWatchCommand.swift */,
				373195B93B12AF80760B1A6D /* ProcessedWatchCommandLedger.swift */,
				926C002CC977A56CD9D4B192 /* WatchConnectivityEnvelope.swift */,
				AB074C1B50EF23336130AF93 /* WatchSnapshotBuilder.swift */,
				C27CD7D290EB0C1B3F7A706C /* WatchSyncCache.swift */,
				3B4C9A44F8AF4A5A552A63AC /* WatchSyncModels.swift */,
			);
			path = WatchSync;
			sourceTree = "<group>";
		};
		9BC10CC549E3CC0E29EE734A /* Products */ = {
			isa = PBXGroup;
			children = (
				14B46C9D90D2250C063CBEB9 /* KnitNote.app */,
				1112E674E478840A2286F6BA /* KnitNoteWatch.app */,
			);
			name = Products;
			sourceTree = "<group>";
		};
		9EE6E3997B8A05A231ECB4D4 /* Launch */ = {
			isa = PBXGroup;
			children = (
				96E071B2A89B3F9BEB0EEED2 /* FamilyHeroFramePreferenceKey.swift */,
				BA850E172D868553998BB9D7 /* FamilyLaunchAnimationView.swift */,
				DE93168C75522B21CB0CB7DF /* PaintingOverlayRegion.swift */,
			);
			path = Launch;
			sourceTree = "<group>";
		};
		A09EB0452F3808BC2553AB72 /* WatchSync */ = {
			isa = PBXGroup;
			children = (
				8CEC6756D753A4BB41008CF0 /* PhoneWatchSession.swift */,
				B4CD7459BFFD6F5954AE7FDE /* PhoneWatchSyncCoordinator.swift */,
			);
			path = WatchSync;
			sourceTree = "<group>";
		};
		A2875FC623ACA3B0597786CF /* KnitNoteWatch */ = {
			isa = PBXGroup;
			children = (
				A05992C5E9E4384B11D3C46A /* Assets.xcassets */,
				C05CDA77F3B1408AFFF947CE /* KnitNoteWatchApp.swift */,
				599E557622BDBD257E4CFEF3 /* Localizable.xcstrings */,
				C65533430112873329E49422 /* WatchCounterView.swift */,
				C5CFF967E86FC4710ED9A997 /* Sync */,
			);
			path = KnitNoteWatch;
			sourceTree = "<group>";
		};
		ADC03985307A33CF231A2728 /* Projects */ = {
			isa = PBXGroup;
			children = (
				4F090AE80DF42E6A406946AB /* CameraCapturePhotoEncoder.swift */,
				5F825D878BD495CBF8CFA3E4 /* JSONProjectStore.swift */,
				1B40E2A43FA18A0C33DE7E42 /* KnittingProject.swift */,
				9A51559E4B7599CA640466E3 /* ProjectCounter.swift */,
				3803B909BB62BCCF84FC5BF2 /* ProjectJournalAsyncPublicationGate.swift */,
				E20855F4064BBED2846643DC /* ProjectJournalEntry.swift */,
				7A48FCA1639875053B46568C /* ProjectJournalPhotoFileService.swift */,
				87122E654FD5FC76F4013B48 /* ProjectJournalPreviewLoader.swift */,
				557A2AAE55C6DA1A6C527FE6 /* ProjectPhotoFileService.swift */,
				FE75A4BC6F25D9138B684ADF /* RowNote.swift */,
				2C7908B2ED4E0DCD00EBF868 /* StoredProject.swift */,
			);
			path = Projects;
			sourceTree = "<group>";
		};
		B5C29EE15A136556F7B91BBE /* Calculators */ = {
			isa = PBXGroup;
			children = (
				87F8A59940BD2F1CA4BFD2E3 /* EvenStitchAdjustmentCalculatorView.swift */,
				7ED53386A158E8DF747E954D /* GaugeCalculatorView.swift */,
				1022CE4FDB36687BDEC9BFDD /* KnittingCalculatorsView.swift */,
				6A809FA0EA2975C2A10383B6 /* RowIntervalAdjustmentView.swift */,
			);
			path = Calculators;
			sourceTree = "<group>";
		};
		BFE7ACE6E08F193BC58351A7 = {
			isa = PBXGroup;
			children = (
				75215C9D724CD12DF1595F4E /* KnitNote */,
				0ADFE4B616722EE6405BBCB7 /* KnitNoteCore */,
				A2875FC623ACA3B0597786CF /* KnitNoteWatch */,
				9BC10CC549E3CC0E29EE734A /* Products */,
			);
			sourceTree = "<group>";
		};
		C5CFF967E86FC4710ED9A997 /* Sync */ = {
			isa = PBXGroup;
			children = (
				1D2B00C1065A2E66F17AE4CC /* WatchSession.swift */,
			);
			path = Sync;
			sourceTree = "<group>";
		};
		D2A26E1A33BD10C640FB127A /* Theme */ = {
			isa = PBXGroup;
			children = (
				46BC18F10B8F996B71604BBF /* WatercolorThemePolicy.swift */,
			);
			path = Theme;
			sourceTree = "<group>";
		};
		FC1D51A444F323A1A8388B2D /* Calculators */ = {
			isa = PBXGroup;
			children = (
				EFC0A9F78A3AB007A97ADE58 /* EvenStitchAdjustmentCalculator.swift */,
				8F9C16AA729B6B8BE6255F13 /* EvenStitchAdjustmentInputParser.swift */,
				D157077494138E6450BAC49F /* GaugeCalculator.swift */,
				6DFEF29B5AF1EF4FB1D1A18C /* RowIntervalAdjustmentCalculator.swift */,
			);
			path = Calculators;
			sourceTree = "<group>";
		};
/* End PBXGroup section */

/* Begin PBXNativeTarget section */
		ABFEFD40E9C4B3B0EB287FB5 /* KnitNote */ = {
			isa = PBXNativeTarget;
			buildConfigurationList = 3138E9B12DC538906F9C9DFE /* Build configuration list for PBXNativeTarget "KnitNote" */;
			buildPhases = (
				7F8243B94B9721271496D369 /* Sources */,
				D72DC11952E505F69C264F17 /* Resources */,
			);
			buildRules = (
			);
			dependencies = (
			);
			name = KnitNote;
			packageProductDependencies = (
			);
			productName = KnitNote;
			productReference = 14B46C9D90D2250C063CBEB9 /* KnitNote.app */;
			productType = "com.apple.product-type.application";
		};
		D3702212370914BD0EFFE039 /* KnitNoteWatch */ = {
			isa = PBXNativeTarget;
			buildConfigurationList = 48D15CAE91A1ED02AEAF6568 /* Build configuration list for PBXNativeTarget "KnitNoteWatch" */;
			buildPhases = (
				B141C3A9B9F07A5A0C5D756F /* Sources */,
				F9E999C8E2418A6909FEF078 /* Resources */,
			);
			buildRules = (
			);
			dependencies = (
			);
			name = KnitNoteWatch;
			packageProductDependencies = (
			);
			productName = KnitNoteWatch;
			productReference = 1112E674E478840A2286F6BA /* KnitNoteWatch.app */;
			productType = "com.apple.product-type.application";
		};
/* End PBXNativeTarget section */

/* Begin PBXProject section */
		C3D817B8651440BF1170DB4F /* Project object */ = {
			isa = PBXProject;
			attributes = {
				BuildIndependentTargetsInParallel = YES;
				LastUpgradeCheck = 1430;
				TargetAttributes = {
					ABFEFD40E9C4B3B0EB287FB5 = {
						DevelopmentTeam = 9CFPAUL5N5;
					};
					D3702212370914BD0EFFE039 = {
						DevelopmentTeam = 9CFPAUL5N5;
					};
				};
			};
			buildConfigurationList = 0A941A9426F1DA45F01D7B07 /* Build configuration list for PBXProject "KnitNote" */;
			developmentRegion = en;
			hasScannedForEncodings = 0;
			knownRegions = (
				Base,
				en,
				"zh-Hant",
			);
			mainGroup = BFE7ACE6E08F193BC58351A7;
			minimizedProjectReferenceProxies = 1;
			preferredProjectObjectVersion = 77;
			productRefGroup = 9BC10CC549E3CC0E29EE734A /* Products */;
			projectDirPath = "";
			projectRoot = "";
			targets = (
				ABFEFD40E9C4B3B0EB287FB5 /* KnitNote */,
				D3702212370914BD0EFFE039 /* KnitNoteWatch */,
			);
		};
/* End PBXProject section */

/* Begin PBXResourcesBuildPhase section */
		D72DC11952E505F69C264F17 /* Resources */ = {
			isa = PBXResourcesBuildPhase;
			buildActionMask = 2147483647;
			files = (
				34DB8128866B07153BA47DD8 /* Assets.xcassets in Resources */,
				D56C0BDFF30C510581164CC1 /* InfoPlist.xcstrings in Resources */,
				81BFF8531BBD2BF153058568 /* LaunchScreen.storyboard in Resources */,
				6D76B8009FFD25FE40DD14C0 /* Localizable.xcstrings in Resources */,
			);
			runOnlyForDeploymentPostprocessing = 0;
		};
		F9E999C8E2418A6909FEF078 /* Resources */ = {
			isa = PBXResourcesBuildPhase;
			buildActionMask = 2147483647;
			files = (
				E77F0B8B83D0C5B49F48117B /* Assets.xcassets in Resources */,
				B6CE950838570266698107C9 /* Localizable.xcstrings in Resources */,
			);
			runOnlyForDeploymentPostprocessing = 0;
		};
/* End PBXResourcesBuildPhase section */

/* Begin PBXSourcesBuildPhase section */
		7F8243B94B9721271496D369 /* Sources */ = {
			isa = PBXSourcesBuildPhase;
			buildActionMask = 2147483647;
			files = (
				E670667E131CAEC693AFEE22 /* AllNotesView.swift in Sources */,
				CA6698DA0F29B9ABFEBCA6E9 /* AppLanguage.swift in Sources */,
				1B1A2101FF71E0949F5ED0C6 /* AtomicWatchSyncFile.swift in Sources */,
				997DEDA5DBCE086E364F52E3 /* BackupSettingsSection.swift in Sources */,
				4738B2850ED925926970AEE2 /* CameraCapturePhotoEncoder.swift in Sources */,
				EA6EC18E3BA8C13E7F88D518 /* CameraCaptureView.swift in Sources */,
				57027A881A62D015E3538D3C /* ChoosePatternProjectView.swift in Sources */,
				26E3D77C78F53AAA71230E55 /* ChooseYarnProjectsView.swift in Sources */,
				C23217D410DEE408306EE59D /* CounterSelectorGrid.swift in Sources */,
				52A4EF771E42E61C79D4DC81 /* CreateProjectView.swift in Sources */,
				02A8AC06B5EB1AE99351FED1 /* CreateYarnView.swift in Sources */,
				660E953AA38F192B30BB538A /* EditCounterNameView.swift in Sources */,
				F38DAE6BC826FFFF57137DEF /* EditPatternPageNoteView.swift in Sources */,
				774C92AA4520877CB17C1614 /* EditProjectJournalEntryView.swift in Sources */,
				585606C343A35128411BC2E1 /* EditProjectView.swift in Sources */,
				E7B3D88A524E639567C68181 /* EditRowNoteView.swift in Sources */,
				353A18D950BE57FAB2C7F3D6 /* EditYarnView.swift in Sources */,
				971900674C9C5D5FD20475B3 /* EvenStitchAdjustmentCalculator.swift in Sources */,
				52FA8A3EA61D356F594109C4 /* EvenStitchAdjustmentCalculatorView.swift in Sources */,
				F16BCF526385BF9617E0E3D3 /* EvenStitchAdjustmentInputParser.swift in Sources */,
				6F1E62E6245C4628E176F414 /* FamilyHeroFramePreferenceKey.swift in Sources */,
				89AA9318C5AEB7CD5C2DA4F8 /* FamilyLaunchAnimationView.swift in Sources */,
				2BBD5788EC1192B3878D9A2B /* FamilyLaunchTimeline.swift in Sources */,
				62268C21FBF4DF88D3D3A092 /* GaugeCalculator.swift in Sources */,
				49C3DCD3D65CBFECF0DE94E9 /* GaugeCalculatorView.swift in Sources */,
				36584501F2661D8E10A19BE6 /* HighlightOverlay.swift in Sources */,
				064665149A05CC8E272CA59B /* ImageReaderView.swift in Sources */,
				214000B049624E0C0588F1C7 /* JSONProjectStore.swift in Sources */,
				4FA4DFBFB3C4C0211CF579C2 /* JournalPhotoPicker.swift in Sources */,
				E857AC39E1C3EAB1D2C0735A /* KnitNoteApp.swift in Sources */,
				FEA79EA51C57895443D3B574 /* KnitNoteBackupDocument.swift in Sources */,
				FE26C3A4479579A031F1D330 /* KnitNoteBackupExportPackage.swift in Sources */,
				21AE8142598C234C733C0A24 /* KnitNoteBackupManifest.swift in Sources */,
				6C1465A6FA4F7D7B674D34CA /* KnitNoteBackupService.swift in Sources */,
				66D325D5CBFA9D9996ACC477 /* KnitNoteCore.swift in Sources */,
				C7B6A7212DC2E3E04B871AAC /* KnittingCalculatorsView.swift in Sources */,
				8EFAF523F9908E0B95BFCB89 /* KnittingProject.swift in Sources */,
				DBF2E2B7BD535C9C8AF1E53C /* LanguageSettings.swift in Sources */,
				D07094398C60EA09111D098E /* LaunchExperienceCoordinator.swift in Sources */,
				240B0788D2ECEE1EA3E48ECF /* LaunchExperienceState.swift in Sources */,
				6AA7291F406E7FCF8B1382C6 /* LemonEmptyState.swift in Sources */,
				6870AA4039BC7963BE6AAAAF /* PDFReaderView.swift in Sources */,
				D9D96422EAA83DBC4E03A060 /* PaintingOverlayRegion.swift in Sources */,
				E6C3B2816744B19C77DE0ACD /* PatternDocument.swift in Sources */,
				99EB407F22CC799B2B5FAD00 /* PatternFileService.swift in Sources */,
				0C5577C16097062613E39E51 /* PatternLibraryView.swift in Sources */,
				FDD10510A53A1E0DE226355B /* PatternMarkup.swift in Sources */,
				F7BFE7FD7E58B7487B0D7018 /* PatternMarkupFileService.swift in Sources */,
				1E56D47B1CD24F5E3A18D70C /* PatternMarkupOverlay.swift in Sources */,
				2FB41EDF321E92C7E70B4801 /* PatternMarkupToolbar.swift in Sources */,
				F32AA568D0C99E08D9C6AF82 /* PatternReaderControls.swift in Sources */,
				68362824FB4BC12615282608 /* PatternReaderView.swift in Sources */,
				2DD65ED0D2A50114ED195600 /* PhoneWatchSession.swift in Sources */,
				065C3AC0BD242A4650F3550E /* PhoneWatchSyncCoordinator.swift in Sources */,
				461C5C4F403AA6DA585E97F0 /* PreparedWatchCommand.swift in Sources */,
				BF02EBBAB7F6B2B5A9DACF1F /* ProcessedWatchCommandLedger.swift in Sources */,
				BFFC9B5E14DA29A679963137 /* ProjectCard.swift in Sources */,
				B04213B037CEDDEC3674BF68 /* ProjectCounter.swift in Sources */,
				2DDBE8B1B70E14C61110D1F1 /* ProjectCounterName.swift in Sources */,
				D8C39A1514196D426E41EA7E /* ProjectDetailView.swift in Sources */,
				B5A75428269E1AAD4CF98DE0 /* ProjectJournalAsyncPublicationGate.swift in Sources */,
				A8EFB5CB1EF4319452A430B3 /* ProjectJournalEntry.swift in Sources */,
				7268B20D129F4E40432255B5 /* ProjectJournalEntryDetailView.swift in Sources */,
				1CB5C82E85693EC431A030B2 /* ProjectJournalPhotoFileService.swift in Sources */,
				0FFD14D844495F2E62249E5D /* ProjectJournalPreviewLoader.swift in Sources */,
				1A75459733F6F0B98DFB463F /* ProjectJournalSection.swift in Sources */,
				DA95835CF1FE8ED5122062AF /* ProjectPatternsView.swift in Sources */,
				58DF31DB4249DCFC5A6451E2 /* ProjectPhotoFileService.swift in Sources */,
				8AC28A12A7BFBEE2063DDC88 /* ProjectPhotoPicker.swift in Sources */,
				27A3D14010BEAF07C41EE93C /* ProjectPhotoView.swift in Sources */,
				3CA4295D672D7BB3EEC8EF3B /* ProjectsView.swift in Sources */,
				8A0D44321A0B878C18C93038 /* RootView.swift in Sources */,
				65746D5C7B11C3982003394B /* RowIntervalAdjustmentCalculator.swift in Sources */,
				CE312200163E82C3B64BC745 /* RowIntervalAdjustmentView.swift in Sources */,
				3067B978D7AD5AD41407CF05 /* RowNote.swift in Sources */,
				3B4F33C9BB928655D1287371 /* SettingsView.swift in Sources */,
				70AA2EBA3FEE78787A9EEF4C /* StoredProject.swift in Sources */,
				941A6C75385E9861EA992A1B /* StoredYarn.swift in Sources */,
				6E227D5A775B6659FDBE3247 /* WatchConnectivityEnvelope.swift in Sources */,
				E027E8ADB3D1D51F88D2E861 /* WatchSnapshotBuilder.swift in Sources */,
				25F6D5FD469BDAE4B7A91236 /* WatchSyncCache.swift in Sources */,
				70432140F797B82B07CAF010 /* WatchSyncModels.swift in Sources */,
				5536B07A38E71EE08FCBEFB8 /* WatercolorSurfaces.swift in Sources */,
				2C14F6DCC66352FD964D948A /* WatercolorTheme.swift in Sources */,
				A8F65FDC2EB37F7CC35B551D /* WatercolorThemePolicy.swift in Sources */,
				74876C768CC7C9A9FB5066A9 /* YarnCard.swift in Sources */,
				6AF16B60E9057AC4B2FD2EDE /* YarnDetailView.swift in Sources */,
				01969CEC3E446A5A02192151 /* YarnEditorFields.swift in Sources */,
				D1DE59CB01C60B48B3511FAA /* YarnInventoryText.swift in Sources */,
				6007144FFB9445FE542F6513 /* YarnLibraryView.swift in Sources */,
				B6416630292A021B3D6F3B87 /* YarnPhotoFileService.swift in Sources */,
				F88E0C44F56AF747CE0AA935 /* YarnPhotoPicker.swift in Sources */,
				1B1D92121445E45CFD4386A7 /* YarnPhotoView.swift in Sources */,
			);
			runOnlyForDeploymentPostprocessing = 0;
		};
		B141C3A9B9F07A5A0C5D756F /* Sources */ = {
			isa = PBXSourcesBuildPhase;
			buildActionMask = 2147483647;
			files = (
				3C6BE637ADCCABE03A6E9540 /* AppLanguage.swift in Sources */,
				816E08F2B937791F0F1FF8C7 /* AtomicWatchSyncFile.swift in Sources */,
				2117BE8DBD549F7B8C10181C /* CameraCapturePhotoEncoder.swift in Sources */,
				02288F6B6BDCDFC985672ED6 /* EvenStitchAdjustmentCalculator.swift in Sources */,
				7656DEB167A5633003EF3883 /* EvenStitchAdjustmentInputParser.swift in Sources */,
				DC39760B7C07407210A12CF0 /* FamilyLaunchTimeline.swift in Sources */,
				D9AF7E5D37109091A4968B09 /* GaugeCalculator.swift in Sources */,
				326D6303F4CB969B6F1667DA /* JSONProjectStore.swift in Sources */,
				2C65A881C19AB58778C5A130 /* KnitNoteBackupExportPackage.swift in Sources */,
				C45C69DFC567B4F3A2041002 /* KnitNoteBackupManifest.swift in Sources */,
				3D2E218C2F45088DCE0EB1FD /* KnitNoteBackupService.swift in Sources */,
				6E929A5FDD9B904B5A57616C /* KnitNoteCore.swift in Sources */,
				BE902C18AE5BF8A6ABCE3B8E /* KnitNoteWatchApp.swift in Sources */,
				12CECA964F06EAD8326C669D /* KnittingProject.swift in Sources */,
				C825CFFB032FD78332EFF6E9 /* LanguageSettings.swift in Sources */,
				24CA166D7986870DA6232BB9 /* LaunchExperienceState.swift in Sources */,
				20E270A4EDC9F277C3B03321 /* PatternDocument.swift in Sources */,
				DD4C8D98E06279AA69DCDB1E /* PatternFileService.swift in Sources */,
				5116550EC2CA3C68BEED3AA2 /* PatternMarkup.swift in Sources */,
				CE0C9AB59E4E7FB73A73A1C1 /* PatternMarkupFileService.swift in Sources */,
				BF2BD6977779AC88E600D271 /* PreparedWatchCommand.swift in Sources */,
				1AFA6889382728256AB9F0A1 /* ProcessedWatchCommandLedger.swift in Sources */,
				829313A3B81FEE7B46C7EEA5 /* ProjectCounter.swift in Sources */,
				E88D1831ACE8064F70B3844B /* ProjectJournalAsyncPublicationGate.swift in Sources */,
				C3E90DEDFB9803CEBE02190B /* ProjectJournalEntry.swift in Sources */,
				00A2D6DB94985BEAF42649BA /* ProjectJournalPhotoFileService.swift in Sources */,
				F1B095AA2C48AE41AB759F1C /* ProjectJournalPreviewLoader.swift in Sources */,
				51864AD110E9811C0839F35D /* ProjectPhotoFileService.swift in Sources */,
				2CC1A69EE25E2BC8EF9FDB37 /* RowIntervalAdjustmentCalculator.swift in Sources */,
				BCA2F5D135FB115F9E282FF7 /* RowNote.swift in Sources */,
				00FD4B24B3DBF01EC47189B7 /* StoredProject.swift in Sources */,
				50FD51A80636056A79BEEF1C /* StoredYarn.swift in Sources */,
				FF37BEFDE0C26708962E792F /* WatchConnectivityEnvelope.swift in Sources */,
				0C7F4765BC5495DFE7C51C8E /* WatchCounterView.swift in Sources */,
				625C39A0B9A33D2FADACCA3E /* WatchSession.swift in Sources */,
				CF7719013B31CD9396441639 /* WatchSnapshotBuilder.swift in Sources */,
				C816A92D53BDA5A3586F7216 /* WatchSyncCache.swift in Sources */,
				F88B0DA6E2D5A7B55286CC20 /* WatchSyncModels.swift in Sources */,
				C42138FBF27EB5F5C43060FA /* WatercolorThemePolicy.swift in Sources */,
				3DF82E72F81800C8080884A3 /* YarnPhotoFileService.swift in Sources */,
			);
			runOnlyForDeploymentPostprocessing = 0;
		};
/* End PBXSourcesBuildPhase section */

/* Begin XCBuildConfiguration section */
		23FB596AB0C7EC57AFC23628 /* Release */ = {
			isa = XCBuildConfiguration;
			buildSettings = {
				ASSETCATALOG_COMPILER_APPICON_NAME = AppIcon;
				CURRENT_PROJECT_VERSION = 1;
				GENERATE_INFOPLIST_FILE = YES;
				INFOPLIST_KEY_CFBundleDisplayName = KnitNote;
				MARKETING_VERSION = 1.0.0;
				PRODUCT_BUNDLE_IDENTIFIER = com.phillon.KnitNote.watch;
				PRODUCT_NAME = KnitNoteWatch;
				SDKROOT = watchos;
				SKIP_INSTALL = YES;
				TARGETED_DEVICE_FAMILY = 4;
			};
			name = Release;
		};
		429FD8AEC84281FEC5FCF09E /* Release */ = {
			isa = XCBuildConfiguration;
			buildSettings = {
				ASSETCATALOG_COMPILER_APPICON_NAME = AppIcon;
				CODE_SIGN_IDENTITY = "iPhone Developer";
				CURRENT_PROJECT_VERSION = 1;
				INFOPLIST_FILE = KnitNote/Info.plist;
				LD_RUNPATH_SEARCH_PATHS = (
					"$(inherited)",
					"@executable_path/Frameworks",
				);
				MARKETING_VERSION = 1.0.0;
				PRODUCT_BUNDLE_IDENTIFIER = com.phillon.KnitNote;
				PRODUCT_NAME = KnitNote;
				SDKROOT = auto;
				SUPPORTED_PLATFORMS = "iphoneos iphonesimulator macosx";
				SUPPORTS_MACCATALYST = NO;
				SUPPORTS_MAC_DESIGNED_FOR_IPHONE_IPAD = NO;
				SUPPORTS_XR_DESIGNED_FOR_IPHONE_IPAD = YES;
				TARGETED_DEVICE_FAMILY = "1,2";
			};
			name = Release;
		};
		A4D6276A5170CE73E3DF79E5 /* Debug */ = {
			isa = XCBuildConfiguration;
			buildSettings = {
				ASSETCATALOG_COMPILER_APPICON_NAME = AppIcon;
				CODE_SIGN_IDENTITY = "iPhone Developer";
				CURRENT_PROJECT_VERSION = 1;
				INFOPLIST_FILE = KnitNote/Info.plist;
				LD_RUNPATH_SEARCH_PATHS = (
					"$(inherited)",
					"@executable_path/Frameworks",
				);
				MARKETING_VERSION = 1.0.0;
				PRODUCT_BUNDLE_IDENTIFIER = com.phillon.KnitNote;
				PRODUCT_NAME = KnitNote;
				SDKROOT = auto;
				SUPPORTED_PLATFORMS = "iphoneos iphonesimulator macosx";
				SUPPORTS_MACCATALYST = NO;
				SUPPORTS_MAC_DESIGNED_FOR_IPHONE_IPAD = NO;
				SUPPORTS_XR_DESIGNED_FOR_IPHONE_IPAD = YES;
				TARGETED_DEVICE_FAMILY = "1,2";
			};
			name = Debug;
		};
		CF30C0CCD253A7AB335A4915 /* Release */ = {
			isa = XCBuildConfiguration;
			buildSettings = {
				ALWAYS_SEARCH_USER_PATHS = NO;
				CLANG_ANALYZER_NONNULL = YES;
				CLANG_ANALYZER_NUMBER_OBJECT_CONVERSION = YES_AGGRESSIVE;
				CLANG_CXX_LANGUAGE_STANDARD = "gnu++14";
				CLANG_CXX_LIBRARY = "libc++";
				CLANG_ENABLE_MODULES = YES;
				CLANG_ENABLE_OBJC_ARC = YES;
				CLANG_ENABLE_OBJC_WEAK = YES;
				CLANG_WARN_BLOCK_CAPTURE_AUTORELEASING = YES;
				CLANG_WARN_BOOL_CONVERSION = YES;
				CLANG_WARN_COMMA = YES;
				CLANG_WARN_CONSTANT_CONVERSION = YES;
				CLANG_WARN_DEPRECATED_OBJC_IMPLEMENTATIONS = YES;
				CLANG_WARN_DIRECT_OBJC_ISA_USAGE = YES_ERROR;
				CLANG_WARN_DOCUMENTATION_COMMENTS = YES;
				CLANG_WARN_EMPTY_BODY = YES;
				CLANG_WARN_ENUM_CONVERSION = YES;
				CLANG_WARN_INFINITE_RECURSION = YES;
				CLANG_WARN_INT_CONVERSION = YES;
				CLANG_WARN_NON_LITERAL_NULL_CONVERSION = YES;
				CLANG_WARN_OBJC_IMPLICIT_RETAIN_SELF = YES;
				CLANG_WARN_OBJC_LITERAL_CONVERSION = YES;
				CLANG_WARN_OBJC_ROOT_CLASS = YES_ERROR;
				CLANG_WARN_QUOTED_INCLUDE_IN_FRAMEWORK_HEADER = YES;
				CLANG_WARN_RANGE_LOOP_ANALYSIS = YES;
				CLANG_WARN_STRICT_PROTOTYPES = YES;
				CLANG_WARN_SUSPICIOUS_MOVE = YES;
				CLANG_WARN_UNGUARDED_AVAILABILITY = YES_AGGRESSIVE;
				CLANG_WARN_UNREACHABLE_CODE = YES;
				CLANG_WARN__DUPLICATE_METHOD_MATCH = YES;
				COPY_PHASE_STRIP = NO;
				DEBUG_INFORMATION_FORMAT = "dwarf-with-dsym";
				DEVELOPMENT_TEAM = 9CFPAUL5N5;
				ENABLE_NS_ASSERTIONS = NO;
				ENABLE_STRICT_OBJC_MSGSEND = YES;
				GCC_C_LANGUAGE_STANDARD = gnu11;
				GCC_NO_COMMON_BLOCKS = YES;
				GCC_WARN_64_TO_32_BIT_CONVERSION = YES;
				GCC_WARN_ABOUT_RETURN_TYPE = YES_ERROR;
				GCC_WARN_UNDECLARED_SELECTOR = YES;
				GCC_WARN_UNINITIALIZED_AUTOS = YES_AGGRESSIVE;
				GCC_WARN_UNUSED_FUNCTION = YES;
				GCC_WARN_UNUSED_VARIABLE = YES;
				IPHONEOS_DEPLOYMENT_TARGET = 18.0;
				MACOSX_DEPLOYMENT_TARGET = 15.0;
				MTL_ENABLE_DEBUG_INFO = NO;
				MTL_FAST_MATH = YES;
				PRODUCT_NAME = "$(TARGET_NAME)";
				SWIFT_COMPILATION_MODE = wholemodule;
				SWIFT_OPTIMIZATION_LEVEL = "-O";
				SWIFT_VERSION = 6.0;
				WATCHOS_DEPLOYMENT_TARGET = 11.0;
			};
			name = Release;
		};
		E2486F10996EEDF5A8B428BF /* Debug */ = {
			isa = XCBuildConfiguration;
			buildSettings = {
				ALWAYS_SEARCH_USER_PATHS = NO;
				CLANG_ANALYZER_NONNULL = YES;
				CLANG_ANALYZER_NUMBER_OBJECT_CONVERSION = YES_AGGRESSIVE;
				CLANG_CXX_LANGUAGE_STANDARD = "gnu++14";
				CLANG_CXX_LIBRARY = "libc++";
				CLANG_ENABLE_MODULES = YES;
				CLANG_ENABLE_OBJC_ARC = YES;
				CLANG_ENABLE_OBJC_WEAK = YES;
				CLANG_WARN_BLOCK_CAPTURE_AUTORELEASING = YES;
				CLANG_WARN_BOOL_CONVERSION = YES;
				CLANG_WARN_COMMA = YES;
				CLANG_WARN_CONSTANT_CONVERSION = YES;
				CLANG_WARN_DEPRECATED_OBJC_IMPLEMENTATIONS = YES;
				CLANG_WARN_DIRECT_OBJC_ISA_USAGE = YES_ERROR;
				CLANG_WARN_DOCUMENTATION_COMMENTS = YES;
				CLANG_WARN_EMPTY_BODY = YES;
				CLANG_WARN_ENUM_CONVERSION = YES;
				CLANG_WARN_INFINITE_RECURSION = YES;
				CLANG_WARN_INT_CONVERSION = YES;
				CLANG_WARN_NON_LITERAL_NULL_CONVERSION = YES;
				CLANG_WARN_OBJC_IMPLICIT_RETAIN_SELF = YES;
				CLANG_WARN_OBJC_LITERAL_CONVERSION = YES;
				CLANG_WARN_OBJC_ROOT_CLASS = YES_ERROR;
				CLANG_WARN_QUOTED_INCLUDE_IN_FRAMEWORK_HEADER = YES;
				CLANG_WARN_RANGE_LOOP_ANALYSIS = YES;
				CLANG_WARN_STRICT_PROTOTYPES = YES;
				CLANG_WARN_SUSPICIOUS_MOVE = YES;
				CLANG_WARN_UNGUARDED_AVAILABILITY = YES_AGGRESSIVE;
				CLANG_WARN_UNREACHABLE_CODE = YES;
				CLANG_WARN__DUPLICATE_METHOD_MATCH = YES;
				COPY_PHASE_STRIP = NO;
				DEBUG_INFORMATION_FORMAT = dwarf;
				DEVELOPMENT_TEAM = 9CFPAUL5N5;
				ENABLE_STRICT_OBJC_MSGSEND = YES;
				ENABLE_TESTABILITY = YES;
				GCC_C_LANGUAGE_STANDARD = gnu11;
				GCC_DYNAMIC_NO_PIC = NO;
				GCC_NO_COMMON_BLOCKS = YES;
				GCC_OPTIMIZATION_LEVEL = 0;
				GCC_PREPROCESSOR_DEFINITIONS = (
					"$(inherited)",
					"DEBUG=1",
				);
				GCC_WARN_64_TO_32_BIT_CONVERSION = YES;
				GCC_WARN_ABOUT_RETURN_TYPE = YES_ERROR;
				GCC_WARN_UNDECLARED_SELECTOR = YES;
				GCC_WARN_UNINITIALIZED_AUTOS = YES_AGGRESSIVE;
				GCC_WARN_UNUSED_FUNCTION = YES;
				GCC_WARN_UNUSED_VARIABLE = YES;
				IPHONEOS_DEPLOYMENT_TARGET = 18.0;
				MACOSX_DEPLOYMENT_TARGET = 15.0;
				MTL_ENABLE_DEBUG_INFO = INCLUDE_SOURCE;
				MTL_FAST_MATH = YES;
				ONLY_ACTIVE_ARCH = YES;
				PRODUCT_NAME = "$(TARGET_NAME)";
				SWIFT_ACTIVE_COMPILATION_CONDITIONS = DEBUG;
				SWIFT_OPTIMIZATION_LEVEL = "-Onone";
				SWIFT_VERSION = 6.0;
				WATCHOS_DEPLOYMENT_TARGET = 11.0;
			};
			name = Debug;
		};
		EC88FCB1FDCA61DA42A75284 /* Debug */ = {
			isa = XCBuildConfiguration;
			buildSettings = {
				ASSETCATALOG_COMPILER_APPICON_NAME = AppIcon;
				CURRENT_PROJECT_VERSION = 1;
				GENERATE_INFOPLIST_FILE = YES;
				INFOPLIST_KEY_CFBundleDisplayName = KnitNote;
				MARKETING_VERSION = 1.0.0;
				PRODUCT_BUNDLE_IDENTIFIER = com.phillon.KnitNote.watch;
				PRODUCT_NAME = KnitNoteWatch;
				SDKROOT = watchos;
				SKIP_INSTALL = YES;
				TARGETED_DEVICE_FAMILY = 4;
			};
			name = Debug;
		};
/* End XCBuildConfiguration section */

/* Begin XCConfigurationList section */
		0A941A9426F1DA45F01D7B07 /* Build configuration list for PBXProject "KnitNote" */ = {
			isa = XCConfigurationList;
			buildConfigurations = (
				E2486F10996EEDF5A8B428BF /* Debug */,
				CF30C0CCD253A7AB335A4915 /* Release */,
			);
			defaultConfigurationIsVisible = 0;
			defaultConfigurationName = Debug;
		};
		3138E9B12DC538906F9C9DFE /* Build configuration list for PBXNativeTarget "KnitNote" */ = {
			isa = XCConfigurationList;
			buildConfigurations = (
				A4D6276A5170CE73E3DF79E5 /* Debug */,
				429FD8AEC84281FEC5FCF09E /* Release */,
			);
			defaultConfigurationIsVisible = 0;
			defaultConfigurationName = Debug;
		};
		48D15CAE91A1ED02AEAF6568 /* Build configuration list for PBXNativeTarget "KnitNoteWatch" */ = {
			isa = XCConfigurationList;
			buildConfigurations = (
				EC88FCB1FDCA61DA42A75284 /* Debug */,
				23FB596AB0C7EC57AFC23628 /* Release */,
			);
			defaultConfigurationIsVisible = 0;
			defaultConfigurationName = Debug;
		};
/* End XCConfigurationList section */
	};
	rootObject = C3D817B8651440BF1170DB4F /* Project object */;
}
